// !$*UTF8*$!
{
	archiveVersion = 1;
	classes = {
	};
	objectVersion = 46;
	objects = {

/* Begin PBXBuildFile section */
		EC1E16B719BAE62400073E00 /* main.m in Sources */ = {isa = PBXBuildFile; fileRef = EC1E16B619BAE62400073E00 /* main.m */; };
		EC1E16BA19BAE62400073E00 /* osxL20AppDelegate.m in Sources */ = {isa = PBXBuildFile; fileRef = EC1E16B919BAE62400073E00 /* osxL20AppDelegate.m */; };
		EC1E16BC19BAE62400073E00 /* Images.xcassets in Resources */ = {isa = PBXBuildFile; fileRef = EC1E16BB19BAE62400073E00 /* Images.xcassets */; };
		EC1E16BF19BAE62400073E00 /* MainMenu.xib in Resources */ = {isa = PBXBuildFile; fileRef = EC1E16BD19BAE62400073E00 /* MainMenu.xib */; };
		EC1E16CB19BAE62400073E00 /* osxAppLearning20Tests.m in Sources */ = {isa = PBXBuildFile; fileRef = EC1E16CA19BAE62400073E00 /* osxAppLearning20Tests.m */; };
/* End PBXBuildFile section */

/* Begin PBXContainerItemProxy section */
		EC1E16C519BAE62400073E00 /* PBXContainerItemProxy */ = {
			isa = PBXContainerItemProxy;
			containerPortal = EC1E16A919BAE62400073E00 /* Project object */;
			proxyType = 1;
			remoteGlobalIDString = EC1E16B019BAE62400073E00;
			remoteInfo = osxAppLearning20;
		};
/* End PBXContainerItemProxy section */

/* Begin PBXFileReference section */
		EC1E16B119BAE62400073E00 /* osxAppLearning20.app */ = {isa = PBXFileReference; explicitFileType = wrapper.application; includeInIndex = 0; path = osxAppLearning20.app; sourceTree = BUILT_PRODUCTS_DIR; };
		EC1E16B519BAE62400073E00 /* Info.plist */ = {isa = PBXFileReference; lastKnownFileType = text.plist.xml; path = Info.plist; sourceTree = "<group>"; };
		EC1E16B619BAE62400073E00 /* main.m */ = {isa = PBXFileReference; lastKnownFileType = sourcecode.c.objc; path = main.m; sourceTree = "<group>"; };
		EC1E16B819BAE62400073E00 /* osxL20AppDelegate.h */ = {isa = PBXFileReference; lastKnownFileType = sourcecode.c.h; path = osxL20AppDelegate.h; sourceTree = "<group>"; };
		EC1E16B919BAE62400073E00 /* osxL20AppDelegate.m */ = {isa = PBXFileReference; lastKnownFileType = sourcecode.c.objc; path = osxL20AppDelegate.m; sourceTree = "<group>"; };
		EC1E16BB19BAE62400073E00 /* Images.xcassets */ = {isa = PBXFileReference; lastKnownFileType = folder.assetcatalog; path = Images.xcassets; sourceTree = "<group>"; };
		EC1E16BE19BAE62400073E00 /* Base */ = {isa = PBXFileReference; lastKnownFileType = file.xib; name = Base; path = Base.lproj/MainMenu.xib; sourceTree = "<group>"; };
		EC1E16C419BAE62400073E00 /* osxAppLearning20Tests.xctest */ = {isa = PBXFileReference; explicitFileType = wrapper.cfbundle; includeInIndex = 0; path = osxAppLearning20Tests.xctest; sourceTree = BUILT_PRODUCTS_DIR; };
		EC1E16C919BAE62400073E00 /* Info.plist */ = {isa = PBXFileReference; lastKnownFileType = text.plist.xml; path = Info.plist; sourceTree = "<group>"; };
		EC1E16CA19BAE62400073E00 /* osxAppLearning20Tests.m */ = {isa = PBXFileReference; lastKnownFileType = sourcecode.c.objc; path = osxAppLearning20Tests.m; sourceTree = "<group>"; };
		EC1E16D419BAE6CE00073E00 /* CommonHeader.h */ = {isa = PBXFileReference; fileEncoding = 4; lastKnownFileType = sourcecode.c.h; name = CommonHeader.h; path = osxAppLearning20/CommonHeader.h; sourceTree = "<group>"; };
/* End PBXFileReference section */

/* Begin PBXFrameworksBuildPhase section */
		EC1E16AE19BAE62400073E00 /* Frameworks */ = {
			isa = PBXFrameworksBuildPhase;
			buildActionMask = 2147483647;
			files = (
			);
			runOnlyForDeploymentPostprocessing = 0;
		};
		EC1E16C119BAE62400073E00 /* Frameworks */ = {
			isa = PBXFrameworksBuildPhase;
			buildActionMask = 2147483647;
			files = (
			);
			runOnlyForDeploymentPostprocessing = 0;
		};
/* End PBXFrameworksBuildPhase section */

/* Begin PBXGroup section */
		EC1E16A819BAE62400073E00 = {
			isa = PBXGroup;
			children = (
				EC1E16D419BAE6CE00073E00 /* CommonHeader.h */,
				EC1E16B319BAE62400073E00 /* osxAppLearning20 */,
				EC1E16C719BAE62400073E00 /* osxAppLearning20Tests */,
				EC1E16B219BAE62400073E00 /* Products */,
			);
			sourceTree = "<group>";
		};
		EC1E16B219BAE62400073E00 /* Products */ = {
			isa = PBXGroup;
			children = (
				EC1E16B119BAE62400073E00 /* osxAppLearning20.app */,
				EC1E16C419BAE62400073E00 /* osxAppLearning20Tests.xctest */,
			);
			name = Products;
			sourceTree = "<group>";
		};
		EC1E16B319BAE62400073E00 /* osxAppLearning20 */ = {
			isa = PBXGroup;
			children = (
				EC1E16B819BAE62400073E00 /* osxL20AppDelegate.h */,
				EC1E16B919BAE62400073E00 /* osxL20AppDelegate.m */,
				EC1E16BB19BAE62400073E00 /* Images.xcassets */,
				EC1E16BD19BAE62400073E00 /* MainMenu.xib */,
				EC1E16B419BAE62400073E00 /* Supporting Files */,
			);
			path = osxAppLearning20;
			sourceTree = "<group>";
		};
		EC1E16B419BAE62400073E00 /* Supporting Files */ = {
			isa = PBXGroup;
			children = (
				EC1E16B519BAE62400073E00 /* Info.plist */,
				EC1E16B619BAE62400073E00 /* main.m */,
			);
			name = "Supporting Files";
			sourceTree = "<group>";
		};
		EC1E16C719BAE62400073E00 /* osxAppLearning20Tests */ = {
			isa = PBXGroup;
			children = (
				EC1E16CA19BAE62400073E00 /* osxAppLearning20Tests.m */,
				EC1E16C819BAE62400073E00 /* Supporting Files */,
			);
			path = osxAppLearning20Tests;
			sourceTree = "<group>";
		};
		EC1E16C819BAE62400073E00 /* Supporting Files */ = {
			isa = PBXGroup;
			children = (
				EC1E16C919BAE62400073E00 /* Info.plist */,
			);
			name = "Supporting Files";
			sourceTree = "<group>";
		};
/* End PBXGroup section */

/* Begin PBXNativeTarget section */
		EC1E16B019BAE62400073E00 /* osxAppLearning20 */ = {
			isa = PBXNativeTarget;
			buildConfigurationList = EC1E16CE19BAE62400073E00 /* Build configuration list for PBXNativeTarget "osxAppLearning20" */;
			buildPhases = (
				EC1E16AD19BAE62400073E00 /* Sources */,
				EC1E16AE19BAE62400073E00 /* Frameworks */,
				EC1E16AF19BAE62400073E00 /* Resources */,
			);
			buildRules = (
			);
			dependencies = (
			);
			name = osxAppLearning20;
			productName = osxAppLearning20;
			productReference = EC1E16B119BAE62400073E00 /* osxAppLearning20.app */;
			productType = "com.apple.product-type.application";
		};
		EC1E16C319BAE62400073E00 /* osxAppLearning20Tests */ = {
			isa = PBXNativeTarget;
			buildConfigurationList = EC1E16D119BAE62400073E00 /* Build configuration list for PBXNativeTarget "osxAppLearning20Tests" */;
			buildPhases = (
				EC1E16C019BAE62400073E00 /* Sources */,
				EC1E16C119BAE62400073E00 /* Frameworks */,
				EC1E16C219BAE62400073E00 /* Resources */,
			);
			buildRules = (
			);
			dependencies = (
				EC1E16C619BAE62400073E00 /* PBXTargetDependency */,
			);
			name = osxAppLearning20Tests;
			productName = osxAppLearning20Tests;
			productReference = EC1E16C419BAE62400073E00 /* osxAppLearning20Tests.xctest */;
			productType = "com.apple.product-type.bundle.unit-test";
		};
/* End PBXNativeTarget section */

/* Begin PBXProject section */
		EC1E16A919BAE62400073E00 /* Project object */ = {
			isa = PBXProject;
			attributes = {
				CLASSPREFIX = osxAppL20;
				LastUpgradeCheck = 0600;
				ORGANIZATIONNAME = "Yuji Imamura";
				TargetAttributes = {
					EC1E16B019BAE62400073E00 = {
						CreatedOnToolsVersion = 6.0;
					};
					EC1E16C319BAE62400073E00 = {
						CreatedOnToolsVersion = 6.0;
						TestTargetID = EC1E16B019BAE62400073E00;
					};
				};
			};
			buildConfigurationList = EC1E16AC19BAE62400073E00 /* Build configuration list for PBXProject "osxAppLearning20" */;
			compatibilityVersion = "Xcode 3.2";
			developmentRegion = English;
			hasScannedForEncodings = 0;
			knownRegions = (
				en,
				Base,
			);
			mainGroup = EC1E16A819BAE62400073E00;
			productRefGroup = EC1E16B219BAE62400073E00 /* Products */;
			projectDirPath = "";
			projectRoot = "";
			targets = (
				EC1E16B019BAE62400073E00 /* osxAppLearning20 */,
				EC1E16C319BAE62400073E00 /* osxAppLearning20Tests */,
			);
		};
/* End PBXProject section */

/* Begin PBXResourcesBuildPhase section */
		EC1E16AF19BAE62400073E00 /* Resources */ = {
			isa = PBXResourcesBuildPhase;
			buildActionMask = 2147483647;
			files = (
				EC1E16BC19BAE62400073E00 /* Images.xcassets in Resources */,
				EC1E16BF19BAE62400073E00 /* MainMenu.xib in Resources */,
			);
			runOnlyForDeploymentPostprocessing = 0;
		};
		EC1E16C219BAE62400073E00 /* Resources */ = {
			isa = PBXResourcesBuildPhase;
			buildActionMask = 2147483647;
			files = (
			);
			runOnlyForDeploymentPostprocessing = 0;
		};
/* End PBXResourcesBuildPhase section */

/* Begin PBXSourcesBuildPhase section */
		EC1E16AD19BAE62400073E00 /* Sources */ = {
			isa = PBXSourcesBuildPhase;
			buildActionMask = 2147483647;
			files = (
				EC1E16BA19BAE62400073E00 /* osxL20AppDelegate.m in Sources */,
				EC1E16B719BAE62400073E00 /* main.m in Sources */,
			);
			runOnlyForDeploymentPostprocessing = 0;
		};
		EC1E16C019BAE62400073E00 /* Sources */ = {
			isa = PBXSourcesBuildPhase;
			buildActionMask = 2147483647;
			files = (
				EC1E16CB19BAE62400073E00 /* osxAppLearning20Tests.m in Sources */,
			);
			runOnlyForDeploymentPostprocessing = 0;
		};
/* End PBXSourcesBuildPhase section */

/* Begin PBXTargetDependency section */
		EC1E16C619BAE62400073E00 /* PBXTargetDependency */ = {
			isa = PBXTargetDependency;
			target = EC1E16B019BAE62400073E00 /* osxAppLearning20 */;
			targetProxy = EC1E16C519BAE62400073E00 /* PBXContainerItemProxy */;
		};
/* End PBXTargetDependency section */

/* Begin PBXVariantGroup section */
		EC1E16BD19BAE62400073E00 /* MainMenu.xib */ = {
			isa = PBXVariantGroup;
			children = (
				EC1E16BE19BAE62400073E00 /* Base */,
			);
			name = MainMenu.xib;
			sourceTree = "<group>";
		};
/* End PBXVariantGroup section */

/* Begin XCBuildConfiguration section */
		EC1E16CC19BAE62400073E00 /* Debug */ = {
			isa = XCBuildConfiguration;
			buildSettings = {
				ALWAYS_SEARCH_USER_PATHS = NO;
				CLANG_CXX_LANGUAGE_STANDARD = "gnu++0x";
				CLANG_CXX_LIBRARY = "libc++";
				CLANG_ENABLE_MODULES = YES;
				CLANG_ENABLE_OBJC_ARC = YES;
				CLANG_WARN_BOOL_CONVERSION = YES;
				CLANG_WARN_CONSTANT_CONVERSION = YES;
				CLANG_WARN_DIRECT_OBJC_ISA_USAGE = YES_ERROR;
				CLANG_WARN_EMPTY_BODY = YES;
				CLANG_WARN_ENUM_CONVERSION = YES;
				CLANG_WARN_INT_CONVERSION = YES;
				CLANG_WARN_OBJC_ROOT_CLASS = YES_ERROR;
				CLANG_WARN_UNREACHABLE_CODE = YES;
				CLANG_WARN__DUPLICATE_METHOD_MATCH = YES;
				CODE_SIGN_IDENTITY = "-";
				COPY_PHASE_STRIP = NO;
				ENABLE_STRICT_OBJC_MSGSEND = YES;
				GCC_C_LANGUAGE_STANDARD = gnu99;
				GCC_DYNAMIC_NO_PIC = NO;
				GCC_OPTIMIZATION_LEVEL = 0;
				GCC_PREPROCESSOR_DEFINITIONS = (
					"DEBUG=1",
					"$(inherited)",
				);
				GCC_SYMBOLS_PRIVATE_EXTERN = NO;
				GCC_WARN_64_TO_32_BIT_CONVERSION = YES;
				GCC_WARN_ABOUT_RETURN_TYPE = YES_ERROR;
				GCC_WARN_UNDECLARED_SELECTOR = YES;
				GCC_WARN_UNINITIALIZED_AUTOS = YES_AGGRESSIVE;
				GCC_WARN_UNUSED_FUNCTION = YES;
				GCC_WARN_UNUSED_VARIABLE = YES;
				MACOSX_DEPLOYMENT_TARGET = 10.9;
				MTL_ENABLE_DEBUG_INFO = YES;
				ONLY_ACTIVE_ARCH = YES;
				SDKROOT = macosx;
			};
			name = Debug;
		};
		EC1E16CD19BAE62400073E00 /* Release */ = {
			isa = XCBuildConfiguration;
			buildSettings = {
				ALWAYS_SEARCH_USER_PATHS = NO;
				CLANG_CXX_LANGUAGE_STANDARD = "gnu++0x";
				CLANG_CXX_LIBRARY = "libc++";
				CLANG_ENABLE_MODULES = YES;
				CLANG_ENABLE_OBJC_ARC = YES;
				CLANG_WARN_BOOL_CONVERSION = YES;
				CLANG_WARN_CONSTANT_CONVERSION = YES;
				CLANG_WARN_DIRECT_OBJC_ISA_USAGE = YES_ERROR;
				CLANG_WARN_EMPTY_BODY = YES;
				CLANG_WARN_ENUM_CONVERSION = YES;
				CLANG_WARN_INT_CONVERSION = YES;
				CLANG_WARN_OBJC_ROOT_CLASS = YES_ERROR;
				CLANG_WARN_UNREACHABLE_CODE = YES;
				CLANG_WARN__DUPLICATE_METHOD_MATCH = YES;
				CODE_SIGN_IDENTITY = "-";
				COPY_PHASE_STRIP = YES;
				DEBUG_INFORMATION_FORMAT = "dwarf-with-dsym";
				ENABLE_NS_ASSERTIONS = NO;
				ENABLE_STRICT_OBJC_MSGSEND = YES;
				GCC_C_LANGUAGE_STANDARD = gnu99;
				GCC_WARN_64_TO_32_BIT_CONVERSION = YES;
				GCC_WARN_ABOUT_RETURN_TYPE = YES_ERROR;
				GCC_WARN_UNDECLARED_SELECTOR = YES;
				GCC_WARN_UNINITIALIZED_AUTOS = YES_AGGRESSIVE;
				GCC_WARN_UNUSED_FUNCTION = YES;
				GCC_WARN_UNUSED_VARIABLE = YES;
				MACOSX_DEPLOYMENT_TARGET = 10.9;
				MTL_ENABLE_DEBUG_INFO = NO;
				SDKROOT = macosx;
			};
			name = Release;
		};
		EC1E16CF19BAE62400073E00 /* Debug */ = {
			isa = XCBuildConfiguration;
			buildSettings = {
				ASSETCATALOG_COMPILER_APPICON_NAME = AppIcon;
				COMBINE_HIDPI_IMAGES = YES;
				INFOPLIST_FILE = osxAppLearning20/Info.plist;
				LD_RUNPATH_SEARCH_PATHS = "$(inherited) @executable_path/../Frameworks";
				PRODUCT_NAME = "$(TARGET_NAME)";
			};
			name = Debug;
		};
		EC1E16D019BAE62400073E00 /* Release */ = {
			isa = XCBuildConfiguration;
			buildSettings = {
				ASSETCATALOG_COMPILER_APPICON_NAME = AppIcon;
				COMBINE_HIDPI_IMAGES = YES;
				INFOPLIST_FILE = osxAppLearning20/Info.plist;
				LD_RUNPATH_SEARCH_PATHS = "$(inherited) @executable_path/../Frameworks";
				PRODUCT_NAME = "$(TARGET_NAME)";
			};
			name = Release;
		};
		EC1E16D219BAE62400073E00 /* Debug */ = {
			isa = XCBuildConfiguration;
			buildSettings = {
				BUNDLE_LOADER = "$(TEST_HOST)";
				COMBINE_HIDPI_IMAGES = YES;
				FRAMEWORK_SEARCH_PATHS = (
					"$(DEVELOPER_FRAMEWORKS_DIR)",
					"$(inherited)",
				);
				GCC_PREPROCESSOR_DEFINITIONS = (
					"DEBUG=1",
					"$(inherited)",
				);
				INFOPLIST_FILE = osxAppLearning20Tests/Info.plist;
				LD_RUNPATH_SEARCH_PATHS = "$(inherited) @executable_path/../Frameworks @loader_path/../Frameworks";
				PRODUCT_NAME = "$(TARGET_NAME)";
				TEST_HOST = "$(BUILT_PRODUCTS_DIR)/osxAppLearning20.app/Contents/MacOS/osxAppLearning20";
			};
			name = Debug;
		};
		EC1E16D319BAE62400073E00 /* Release */ = {
			isa = XCBuildConfiguration;
			buildSettings = {
				BUNDLE_LOADER = "$(TEST_HOST)";
				COMBINE_HIDPI_IMAGES = YES;
				FRAMEWORK_SEARCH_PATHS = (
					"$(DEVELOPER_FRAMEWORKS_DIR)",
					"$(inherited)",
				);
				INFOPLIST_FILE = osxAppLearning20Tests/Info.plist;
				LD_RUNPATH_SEARCH_PATHS = "$(inherited) @executable_path/../Frameworks @loader_path/../Frameworks";
				PRODUCT_NAME = "$(TARGET_NAME)";
				TEST_HOST = "$(BUILT_PRODUCTS_DIR)/osxAppLearning20.app/Contents/MacOS/osxAppLearning20";
			};
			name = Release;
		};
/* End XCBuildConfiguration section */

/* Begin XCConfigurationList section */
		EC1E16AC19BAE62400073E00 /* Build configuration list for PBXProject "osxAppLearning20" */ = {
			isa = XCConfigurationList;
			buildConfigurations = (
				EC1E16CC19BAE62400073E00 /* Debug */,
				EC1E16CD19BAE62400073E00 /* Release */,
			);
			defaultConfigurationIsVisible = 0;
			defaultConfigurationName = Release;
		};
		EC1E16CE19BAE62400073E00 /* Build configuration list for PBXNativeTarget "osxAppLearning20" */ = {
			isa = XCConfigurationList;
			buildConfigurations = (
				EC1E16CF19BAE62400073E00 /* Debug */,
				EC1E16D019BAE62400073E00 /* Release */,
			);
			defaultConfigurationIsVisible = 0;
		};
		EC1E16D119BAE62400073E00 /* Build configuration list for PBXNativeTarget "osxAppLearning20Tests" */ = {
			isa = XCConfigurationList;
			buildConfigurations = (
				EC1E16D219BAE62400073E00 /* Debug */,
				EC1E16D319BAE62400073E00 /* Release */,
			);
			defaultConfigurationIsVisible = 0;
		};
/* End XCConfigurationList section */
	};
	rootObject = EC1E16A919BAE62400073E00 /* Project object */;
}
