// !$*UTF8*$!
{
	archiveVersion = 1;
	classes = {
	};
	objectVersion = 46;
	objects = {

/* Begin PBXBuildFile section */
		740EF5711A2C8E4900735C4E /* MTTopViewController.m in Sources */ = {isa = PBXBuildFile; fileRef = 740EF5701A2C8E4900735C4E /* MTTopViewController.m */; };
		740EF5721A2C8E4900735C4E /* MTTopViewController.m in Sources */ = {isa = PBXBuildFile; fileRef = 740EF5701A2C8E4900735C4E /* MTTopViewController.m */; };
		740EF57E1A2DD4A300735C4E /* topMenu.plist in Resources */ = {isa = PBXBuildFile; fileRef = 740EF5791A2DD4A300735C4E /* topMenu.plist */; };
		740EF57F1A2DD4A300735C4E /* topMenu.plist in Resources */ = {isa = PBXBuildFile; fileRef = 740EF5791A2DD4A300735C4E /* topMenu.plist */; };
		740EF5801A2DD4A300735C4E /* topMenu.plist in Resources */ = {isa = PBXBuildFile; fileRef = 740EF5791A2DD4A300735C4E /* topMenu.plist */; };
		740EF5811A2DD4A300735C4E /* topMenu.plist in Resources */ = {isa = PBXBuildFile; fileRef = 740EF5791A2DD4A300735C4E /* topMenu.plist */; };
		740EF5E31A307EDD00735C4E /* MTTopViewTableDataSource.m in Sources */ = {isa = PBXBuildFile; fileRef = 740EF5E21A307EDD00735C4E /* MTTopViewTableDataSource.m */; };
		740EF5E41A307EDD00735C4E /* MTTopViewTableDataSource.m in Sources */ = {isa = PBXBuildFile; fileRef = 740EF5E21A307EDD00735C4E /* MTTopViewTableDataSource.m */; };
		74538C111A35262900850210 /* iOSMTHIDeviceController.m in Sources */ = {isa = PBXBuildFile; fileRef = 74538C101A35262900850210 /* iOSMTHIDeviceController.m */; };
		74538C121A35262900850210 /* iOSMTHIDeviceController.m in Sources */ = {isa = PBXBuildFile; fileRef = 74538C101A35262900850210 /* iOSMTHIDeviceController.m */; };
		7484C4B91A33138600A310DE /* GameController.framework in Frameworks */ = {isa = PBXBuildFile; fileRef = 7484C4B81A33138600A310DE /* GameController.framework */; };
		7485AC3E1A3C980400CB953F /* iOSMTGamePadConnectionCheckButtonAView.m in Sources */ = {isa = PBXBuildFile; fileRef = 7485AC3D1A3C980400CB953F /* iOSMTGamePadConnectionCheckButtonAView.m */; };
		7485AC3F1A3C980400CB953F /* iOSMTGamePadConnectionCheckButtonAView.m in Sources */ = {isa = PBXBuildFile; fileRef = 7485AC3D1A3C980400CB953F /* iOSMTGamePadConnectionCheckButtonAView.m */; };
		74CCE17F1A34606C006F2141 /* iOSMTGamePadConnectionCheckViewController.m in Sources */ = {isa = PBXBuildFile; fileRef = 74CCE17D1A34606C006F2141 /* iOSMTGamePadConnectionCheckViewController.m */; };
		74CCE1801A34606C006F2141 /* iOSMTGamePadConnectionCheckViewController.m in Sources */ = {isa = PBXBuildFile; fileRef = 74CCE17D1A34606C006F2141 /* iOSMTGamePadConnectionCheckViewController.m */; };
		74CCE1811A34606C006F2141 /* iOSMTGamePadConnectionCheckViewController.xib in Resources */ = {isa = PBXBuildFile; fileRef = 74CCE17E1A34606C006F2141 /* iOSMTGamePadConnectionCheckViewController.xib */; };
		74CCE1821A34606C006F2141 /* iOSMTGamePadConnectionCheckViewController.xib in Resources */ = {isa = PBXBuildFile; fileRef = 74CCE17E1A34606C006F2141 /* iOSMTGamePadConnectionCheckViewController.xib */; };
		EC3D0B5C1A32E99A0097C9E2 /* iOSEmbeddedModelKit.h in Headers */ = {isa = PBXBuildFile; fileRef = EC3D0B5B1A32E99A0097C9E2 /* iOSEmbeddedModelKit.h */; settings = {ATTRIBUTES = (Public, ); }; };
		EC3D0B621A32E99B0097C9E2 /* iOSEmbeddedModelKit.framework in Frameworks */ = {isa = PBXBuildFile; fileRef = EC3D0B571A32E99A0097C9E2 /* iOSEmbeddedModelKit.framework */; };
		EC3D0B6B1A32E99B0097C9E2 /* iOSEmbeddedModelKitTests.m in Sources */ = {isa = PBXBuildFile; fileRef = EC3D0B6A1A32E99B0097C9E2 /* iOSEmbeddedModelKitTests.m */; };
		EC3D0B6E1A32E99B0097C9E2 /* iOSEmbeddedModelKit.framework in Frameworks */ = {isa = PBXBuildFile; fileRef = EC3D0B571A32E99A0097C9E2 /* iOSEmbeddedModelKit.framework */; };
		EC3D0B6F1A32E99B0097C9E2 /* iOSEmbeddedModelKit.framework in Embed Frameworks */ = {isa = PBXBuildFile; fileRef = EC3D0B571A32E99A0097C9E2 /* iOSEmbeddedModelKit.framework */; settings = {ATTRIBUTES = (CodeSignOnCopy, RemoveHeadersOnCopy, ); }; };
		EC3D0BA51A32EAAA0097C9E2 /* OSXEmbededdModelKit.h in Headers */ = {isa = PBXBuildFile; fileRef = EC3D0BA41A32EAAA0097C9E2 /* OSXEmbededdModelKit.h */; settings = {ATTRIBUTES = (Public, ); }; };
		EC3D0BAB1A32EAAA0097C9E2 /* OSXEmbededdModelKit.framework in Frameworks */ = {isa = PBXBuildFile; fileRef = EC3D0BA01A32EAAA0097C9E2 /* OSXEmbededdModelKit.framework */; };
		EC3D0BB41A32EAAB0097C9E2 /* OSXEmbededdModelKitTests.m in Sources */ = {isa = PBXBuildFile; fileRef = EC3D0BB31A32EAAB0097C9E2 /* OSXEmbededdModelKitTests.m */; };
		EC3D0BB71A32EAAB0097C9E2 /* OSXEmbededdModelKit.framework in Frameworks */ = {isa = PBXBuildFile; fileRef = EC3D0BA01A32EAAA0097C9E2 /* OSXEmbededdModelKit.framework */; };
		EC3D0BB81A32EAAB0097C9E2 /* OSXEmbededdModelKit.framework in Embed Frameworks */ = {isa = PBXBuildFile; fileRef = EC3D0BA01A32EAAA0097C9E2 /* OSXEmbededdModelKit.framework */; settings = {ATTRIBUTES = (CodeSignOnCopy, RemoveHeadersOnCopy, ); }; };
		EC3D0BC61A32EB1E0097C9E2 /* MTMTopMenuEntity.h in Headers */ = {isa = PBXBuildFile; fileRef = EC3D0BC11A32EB1E0097C9E2 /* MTMTopMenuEntity.h */; settings = {ATTRIBUTES = (Public, ); }; };
		EC3D0BC71A32EB1E0097C9E2 /* MTMTopMenuEntity.h in Headers */ = {isa = PBXBuildFile; fileRef = EC3D0BC11A32EB1E0097C9E2 /* MTMTopMenuEntity.h */; settings = {ATTRIBUTES = (Public, ); }; };
		EC3D0BC81A32EB1E0097C9E2 /* MTMTopMenuEntity.m in Sources */ = {isa = PBXBuildFile; fileRef = EC3D0BC21A32EB1E0097C9E2 /* MTMTopMenuEntity.m */; };
		EC3D0BC91A32EB1E0097C9E2 /* MTMTopMenuEntity.m in Sources */ = {isa = PBXBuildFile; fileRef = EC3D0BC21A32EB1E0097C9E2 /* MTMTopMenuEntity.m */; };
		EC3D0BCA1A32EB1E0097C9E2 /* MTMTopMenuEntity.m in Sources */ = {isa = PBXBuildFile; fileRef = EC3D0BC21A32EB1E0097C9E2 /* MTMTopMenuEntity.m */; };
		EC3D0BCB1A32EB1E0097C9E2 /* MTMTopMenuEntity.m in Sources */ = {isa = PBXBuildFile; fileRef = EC3D0BC21A32EB1E0097C9E2 /* MTMTopMenuEntity.m */; };
		EC3D0BCC1A32EB1E0097C9E2 /* MTMTopMenuDataController.h in Headers */ = {isa = PBXBuildFile; fileRef = EC3D0BC41A32EB1E0097C9E2 /* MTMTopMenuDataController.h */; settings = {ATTRIBUTES = (Public, ); }; };
		EC3D0BCD1A32EB1E0097C9E2 /* MTMTopMenuDataController.h in Headers */ = {isa = PBXBuildFile; fileRef = EC3D0BC41A32EB1E0097C9E2 /* MTMTopMenuDataController.h */; settings = {ATTRIBUTES = (Public, ); }; };
		EC3D0BCE1A32EB1E0097C9E2 /* MTMTopMenuDataController.m in Sources */ = {isa = PBXBuildFile; fileRef = EC3D0BC51A32EB1E0097C9E2 /* MTMTopMenuDataController.m */; };
		EC3D0BCF1A32EB1E0097C9E2 /* MTMTopMenuDataController.m in Sources */ = {isa = PBXBuildFile; fileRef = EC3D0BC51A32EB1E0097C9E2 /* MTMTopMenuDataController.m */; };
		EC3D0BD01A32EB1E0097C9E2 /* MTMTopMenuDataController.m in Sources */ = {isa = PBXBuildFile; fileRef = EC3D0BC51A32EB1E0097C9E2 /* MTMTopMenuDataController.m */; };
		EC3D0BD11A32EB1E0097C9E2 /* MTMTopMenuDataController.m in Sources */ = {isa = PBXBuildFile; fileRef = EC3D0BC51A32EB1E0097C9E2 /* MTMTopMenuDataController.m */; };
		EC3D0BD91A32EE950097C9E2 /* MTMTopMenuDataControllerTests.m in Sources */ = {isa = PBXBuildFile; fileRef = EC3D0BD81A32EE950097C9E2 /* MTMTopMenuDataControllerTests.m */; };
		EC3D0BE21A32EFF60097C9E2 /* topMenuTestData.plist in Resources */ = {isa = PBXBuildFile; fileRef = EC3D0BE11A32EFF60097C9E2 /* topMenuTestData.plist */; };
		EC3D0BE31A32EFF60097C9E2 /* topMenuTestData.plist in Resources */ = {isa = PBXBuildFile; fileRef = EC3D0BE11A32EFF60097C9E2 /* topMenuTestData.plist */; };
		EC3D0BE41A32EFF60097C9E2 /* topMenuTestData.plist in Resources */ = {isa = PBXBuildFile; fileRef = EC3D0BE11A32EFF60097C9E2 /* topMenuTestData.plist */; };
		EC3D0BE51A32EFF60097C9E2 /* topMenuTestData.plist in Resources */ = {isa = PBXBuildFile; fileRef = EC3D0BE11A32EFF60097C9E2 /* topMenuTestData.plist */; };
		EC3D0BEA1A32F78C0097C9E2 /* iOSMTGameControllerVerificationTopViewController.m in Sources */ = {isa = PBXBuildFile; fileRef = EC3D0BE81A32F78C0097C9E2 /* iOSMTGameControllerVerificationTopViewController.m */; };
		EC3D0BEB1A32F78C0097C9E2 /* iOSMTGameControllerVerificationTopViewController.m in Sources */ = {isa = PBXBuildFile; fileRef = EC3D0BE81A32F78C0097C9E2 /* iOSMTGameControllerVerificationTopViewController.m */; };
		EC3D0BEC1A32F78C0097C9E2 /* iOSMTGameControllerVerificationTopViewController.xib in Resources */ = {isa = PBXBuildFile; fileRef = EC3D0BE91A32F78C0097C9E2 /* iOSMTGameControllerVerificationTopViewController.xib */; };
		EC3D0BED1A32F78C0097C9E2 /* iOSMTGameControllerVerificationTopViewController.xib in Resources */ = {isa = PBXBuildFile; fileRef = EC3D0BE91A32F78C0097C9E2 /* iOSMTGameControllerVerificationTopViewController.xib */; };
		EC5D4C081A3DC3AD0058C078 /* iOSMTDemystifyAutoLayout1ViewController.m in Sources */ = {isa = PBXBuildFile; fileRef = EC5D4C061A3DC3AD0058C078 /* iOSMTDemystifyAutoLayout1ViewController.m */; };
		EC5D4C091A3DC3AD0058C078 /* iOSMTDemystifyAutoLayout1ViewController.m in Sources */ = {isa = PBXBuildFile; fileRef = EC5D4C061A3DC3AD0058C078 /* iOSMTDemystifyAutoLayout1ViewController.m */; };
		EC5D4C0A1A3DC3AD0058C078 /* iOSMTDemystifyAutoLayout1ViewController.xib in Resources */ = {isa = PBXBuildFile; fileRef = EC5D4C071A3DC3AD0058C078 /* iOSMTDemystifyAutoLayout1ViewController.xib */; };
		EC5D4C0B1A3DC3AD0058C078 /* iOSMTDemystifyAutoLayout1ViewController.xib in Resources */ = {isa = PBXBuildFile; fileRef = EC5D4C071A3DC3AD0058C078 /* iOSMTDemystifyAutoLayout1ViewController.xib */; };
		ECDC65311A2BD58B0080C608 /* main.m in Sources */ = {isa = PBXBuildFile; fileRef = ECDC65301A2BD58B0080C608 /* main.m */; };
		ECDC65341A2BD58B0080C608 /* AppDelegate.m in Sources */ = {isa = PBXBuildFile; fileRef = ECDC65331A2BD58B0080C608 /* AppDelegate.m */; };
		ECDC653A1A2BD58B0080C608 /* Main.storyboard in Resources */ = {isa = PBXBuildFile; fileRef = ECDC65381A2BD58B0080C608 /* Main.storyboard */; };
		ECDC653C1A2BD58B0080C608 /* Images.xcassets in Resources */ = {isa = PBXBuildFile; fileRef = ECDC653B1A2BD58B0080C608 /* Images.xcassets */; };
		ECDC653F1A2BD58B0080C608 /* LaunchScreen.xib in Resources */ = {isa = PBXBuildFile; fileRef = ECDC653D1A2BD58B0080C608 /* LaunchScreen.xib */; };
		ECDC654B1A2BD58B0080C608 /* iOSAppTests.m in Sources */ = {isa = PBXBuildFile; fileRef = ECDC654A1A2BD58B0080C608 /* iOSAppTests.m */; };
		ECDC655C1A2BD5AC0080C608 /* AppDelegate.m in Sources */ = {isa = PBXBuildFile; fileRef = ECDC655B1A2BD5AC0080C608 /* AppDelegate.m */; };
		ECDC655E1A2BD5AC0080C608 /* main.m in Sources */ = {isa = PBXBuildFile; fileRef = ECDC655D1A2BD5AC0080C608 /* main.m */; };
		ECDC65611A2BD5AC0080C608 /* ViewController.m in Sources */ = {isa = PBXBuildFile; fileRef = ECDC65601A2BD5AC0080C608 /* ViewController.m */; };
		ECDC65631A2BD5AC0080C608 /* Images.xcassets in Resources */ = {isa = PBXBuildFile; fileRef = ECDC65621A2BD5AC0080C608 /* Images.xcassets */; };
		ECDC65661A2BD5AC0080C608 /* Main.storyboard in Resources */ = {isa = PBXBuildFile; fileRef = ECDC65641A2BD5AC0080C608 /* Main.storyboard */; };
		ECDC65721A2BD5AC0080C608 /* OSXAppTests.m in Sources */ = {isa = PBXBuildFile; fileRef = ECDC65711A2BD5AC0080C608 /* OSXAppTests.m */; };
/* End PBXBuildFile section */

/* Begin PBXContainerItemProxy section */
		EC3D0B631A32E99B0097C9E2 /* PBXContainerItemProxy */ = {
			isa = PBXContainerItemProxy;
			containerPortal = EC03CCBC1A2BD234009C741E /* Project object */;
			proxyType = 1;
			remoteGlobalIDString = EC3D0B561A32E99A0097C9E2;
			remoteInfo = iOSEmbeddedModelKit;
		};
		EC3D0B651A32E99B0097C9E2 /* PBXContainerItemProxy */ = {
			isa = PBXContainerItemProxy;
			containerPortal = EC03CCBC1A2BD234009C741E /* Project object */;
			proxyType = 1;
			remoteGlobalIDString = ECDC652A1A2BD58B0080C608;
			remoteInfo = iOSApp;
		};
		EC3D0B6C1A32E99B0097C9E2 /* PBXContainerItemProxy */ = {
			isa = PBXContainerItemProxy;
			containerPortal = EC03CCBC1A2BD234009C741E /* Project object */;
			proxyType = 1;
			remoteGlobalIDString = EC3D0B561A32E99A0097C9E2;
			remoteInfo = iOSEmbeddedModelKit;
		};
		EC3D0BAC1A32EAAA0097C9E2 /* PBXContainerItemProxy */ = {
			isa = PBXContainerItemProxy;
			containerPortal = EC03CCBC1A2BD234009C741E /* Project object */;
			proxyType = 1;
			remoteGlobalIDString = EC3D0B9F1A32EAAA0097C9E2;
			remoteInfo = OSXEmbededdModelKit;
		};
		EC3D0BAE1A32EAAB0097C9E2 /* PBXContainerItemProxy */ = {
			isa = PBXContainerItemProxy;
			containerPortal = EC03CCBC1A2BD234009C741E /* Project object */;
			proxyType = 1;
			remoteGlobalIDString = ECDC65551A2BD5AC0080C608;
			remoteInfo = OSXApp;
		};
		EC3D0BB51A32EAAB0097C9E2 /* PBXContainerItemProxy */ = {
			isa = PBXContainerItemProxy;
			containerPortal = EC03CCBC1A2BD234009C741E /* Project object */;
			proxyType = 1;
			remoteGlobalIDString = EC3D0B9F1A32EAAA0097C9E2;
			remoteInfo = OSXEmbededdModelKit;
		};
		ECDC65451A2BD58B0080C608 /* PBXContainerItemProxy */ = {
			isa = PBXContainerItemProxy;
			containerPortal = EC03CCBC1A2BD234009C741E /* Project object */;
			proxyType = 1;
			remoteGlobalIDString = ECDC652A1A2BD58B0080C608;
			remoteInfo = iOSApp;
		};
		ECDC656C1A2BD5AC0080C608 /* PBXContainerItemProxy */ = {
			isa = PBXContainerItemProxy;
			containerPortal = EC03CCBC1A2BD234009C741E /* Project object */;
			proxyType = 1;
			remoteGlobalIDString = ECDC65551A2BD5AC0080C608;
			remoteInfo = OSXApp;
		};
/* End PBXContainerItemProxy section */

/* Begin PBXCopyFilesBuildPhase section */
		EC3D0B3E1A32E82A0097C9E2 /* Embed Frameworks */ = {
			isa = PBXCopyFilesBuildPhase;
			buildActionMask = 2147483647;
			dstPath = "";
			dstSubfolderSpec = 10;
			files = (
				EC3D0B6F1A32E99B0097C9E2 /* iOSEmbeddedModelKit.framework in Embed Frameworks */,
			);
			name = "Embed Frameworks";
			runOnlyForDeploymentPostprocessing = 0;
		};
		EC3D0BBC1A32EAAB0097C9E2 /* Embed Frameworks */ = {
			isa = PBXCopyFilesBuildPhase;
			buildActionMask = 2147483647;
			dstPath = "";
			dstSubfolderSpec = 10;
			files = (
				EC3D0BB81A32EAAB0097C9E2 /* OSXEmbededdModelKit.framework in Embed Frameworks */,
			);
			name = "Embed Frameworks";
			runOnlyForDeploymentPostprocessing = 0;
		};
/* End PBXCopyFilesBuildPhase section */

/* Begin PBXFileReference section */
		740EF56F1A2C8E4900735C4E /* MTTopViewController.h */ = {isa = PBXFileReference; fileEncoding = 4; lastKnownFileType = sourcecode.c.h; name = MTTopViewController.h; path = Controller/ViewController/MTTopViewController.h; sourceTree = "<group>"; };
		740EF5701A2C8E4900735C4E /* MTTopViewController.m */ = {isa = PBXFileReference; fileEncoding = 4; lastKnownFileType = sourcecode.c.objc; name = MTTopViewController.m; path = Controller/ViewController/MTTopViewController.m; sourceTree = "<group>"; };
		740EF5791A2DD4A300735C4E /* topMenu.plist */ = {isa = PBXFileReference; fileEncoding = 4; lastKnownFileType = text.plist.xml; path = topMenu.plist; sourceTree = "<group>"; };
		740EF5E11A307EDD00735C4E /* MTTopViewTableDataSource.h */ = {isa = PBXFileReference; fileEncoding = 4; lastKnownFileType = sourcecode.c.h; name = MTTopViewTableDataSource.h; path = Controller/ViewController/MTTopViewTableDataSource.h; sourceTree = "<group>"; };
		740EF5E21A307EDD00735C4E /* MTTopViewTableDataSource.m */ = {isa = PBXFileReference; fileEncoding = 4; lastKnownFileType = sourcecode.c.objc; name = MTTopViewTableDataSource.m; path = Controller/ViewController/MTTopViewTableDataSource.m; sourceTree = "<group>"; };
		740EF5ED1A30844D00735C4E /* CommonHeader.h */ = {isa = PBXFileReference; fileEncoding = 4; lastKnownFileType = sourcecode.c.h; name = CommonHeader.h; path = ../CommonHeader.h; sourceTree = "<group>"; };
		74538C0F1A35262900850210 /* iOSMTHIDeviceController.h */ = {isa = PBXFileReference; fileEncoding = 4; lastKnownFileType = sourcecode.c.h; name = iOSMTHIDeviceController.h; path = Controller/iOSMTHIDeviceController.h; sourceTree = "<group>"; };
		74538C101A35262900850210 /* iOSMTHIDeviceController.m */ = {isa = PBXFileReference; fileEncoding = 4; lastKnownFileType = sourcecode.c.objc; name = iOSMTHIDeviceController.m; path = Controller/iOSMTHIDeviceController.m; sourceTree = "<group>"; };
		7484C4B61A330FB500A310DE /* iOSApp.entitlements */ = {isa = PBXFileReference; lastKnownFileType = text.xml; path = iOSApp.entitlements; sourceTree = "<group>"; };
		7484C4B81A33138600A310DE /* GameController.framework */ = {isa = PBXFileReference; lastKnownFileType = wrapper.framework; name = GameController.framework; path = Platforms/iPhoneOS.platform/Developer/SDKs/iPhoneOS8.1.sdk/System/Library/Frameworks/GameController.framework; sourceTree = DEVELOPER_DIR; };
		7485AC3C1A3C980400CB953F /* iOSMTGamePadConnectionCheckButtonAView.h */ = {isa = PBXFileReference; fileEncoding = 4; lastKnownFileType = sourcecode.c.h; name = iOSMTGamePadConnectionCheckButtonAView.h; path = View/iOSMTGamePadConnectionCheckButtonAView.h; sourceTree = "<group>"; };
		7485AC3D1A3C980400CB953F /* iOSMTGamePadConnectionCheckButtonAView.m */ = {isa = PBXFileReference; fileEncoding = 4; lastKnownFileType = sourcecode.c.objc; name = iOSMTGamePadConnectionCheckButtonAView.m; path = View/iOSMTGamePadConnectionCheckButtonAView.m; sourceTree = "<group>"; };
		74CCE17C1A34606C006F2141 /* iOSMTGamePadConnectionCheckViewController.h */ = {isa = PBXFileReference; fileEncoding = 4; lastKnownFileType = sourcecode.c.h; name = iOSMTGamePadConnectionCheckViewController.h; path = Controller/ViewController/iOSMTGamePadConnectionCheckViewController.h; sourceTree = "<group>"; };
		74CCE17D1A34606C006F2141 /* iOSMTGamePadConnectionCheckViewController.m */ = {isa = PBXFileReference; fileEncoding = 4; lastKnownFileType = sourcecode.c.objc; name = iOSMTGamePadConnectionCheckViewController.m; path = Controller/ViewController/iOSMTGamePadConnectionCheckViewController.m; sourceTree = "<group>"; };
		74CCE17E1A34606C006F2141 /* iOSMTGamePadConnectionCheckViewController.xib */ = {isa = PBXFileReference; fileEncoding = 4; lastKnownFileType = file.xib; name = iOSMTGamePadConnectionCheckViewController.xib; path = Controller/ViewController/iOSMTGamePadConnectionCheckViewController.xib; sourceTree = "<group>"; };
		EC3D0B571A32E99A0097C9E2 /* iOSEmbeddedModelKit.framework */ = {isa = PBXFileReference; explicitFileType = wrapper.framework; includeInIndex = 0; path = iOSEmbeddedModelKit.framework; sourceTree = BUILT_PRODUCTS_DIR; };
		EC3D0B5A1A32E99A0097C9E2 /* Info.plist */ = {isa = PBXFileReference; lastKnownFileType = text.plist.xml; path = Info.plist; sourceTree = "<group>"; };
		EC3D0B5B1A32E99A0097C9E2 /* iOSEmbeddedModelKit.h */ = {isa = PBXFileReference; lastKnownFileType = sourcecode.c.h; path = iOSEmbeddedModelKit.h; sourceTree = "<group>"; };
		EC3D0B611A32E99A0097C9E2 /* iOSEmbeddedModelKitTests.xctest */ = {isa = PBXFileReference; explicitFileType = wrapper.cfbundle; includeInIndex = 0; path = iOSEmbeddedModelKitTests.xctest; sourceTree = BUILT_PRODUCTS_DIR; };
		EC3D0B691A32E99B0097C9E2 /* Info.plist */ = {isa = PBXFileReference; lastKnownFileType = text.plist.xml; path = Info.plist; sourceTree = "<group>"; };
		EC3D0B6A1A32E99B0097C9E2 /* iOSEmbeddedModelKitTests.m */ = {isa = PBXFileReference; lastKnownFileType = sourcecode.c.objc; path = iOSEmbeddedModelKitTests.m; sourceTree = "<group>"; };
		EC3D0BA01A32EAAA0097C9E2 /* OSXEmbededdModelKit.framework */ = {isa = PBXFileReference; explicitFileType = wrapper.framework; includeInIndex = 0; path = OSXEmbededdModelKit.framework; sourceTree = BUILT_PRODUCTS_DIR; };
		EC3D0BA31A32EAAA0097C9E2 /* Info.plist */ = {isa = PBXFileReference; lastKnownFileType = text.plist.xml; path = Info.plist; sourceTree = "<group>"; };
		EC3D0BA41A32EAAA0097C9E2 /* OSXEmbededdModelKit.h */ = {isa = PBXFileReference; lastKnownFileType = sourcecode.c.h; path = OSXEmbededdModelKit.h; sourceTree = "<group>"; };
		EC3D0BAA1A32EAAA0097C9E2 /* OSXEmbededdModelKitTests.xctest */ = {isa = PBXFileReference; explicitFileType = wrapper.cfbundle; includeInIndex = 0; path = OSXEmbededdModelKitTests.xctest; sourceTree = BUILT_PRODUCTS_DIR; };
		EC3D0BB21A32EAAB0097C9E2 /* Info.plist */ = {isa = PBXFileReference; lastKnownFileType = text.plist.xml; path = Info.plist; sourceTree = "<group>"; };
		EC3D0BB31A32EAAB0097C9E2 /* OSXEmbededdModelKitTests.m */ = {isa = PBXFileReference; lastKnownFileType = sourcecode.c.objc; path = OSXEmbededdModelKitTests.m; sourceTree = "<group>"; };
		EC3D0BC11A32EB1E0097C9E2 /* MTMTopMenuEntity.h */ = {isa = PBXFileReference; fileEncoding = 4; lastKnownFileType = sourcecode.c.h; path = MTMTopMenuEntity.h; sourceTree = "<group>"; };
		EC3D0BC21A32EB1E0097C9E2 /* MTMTopMenuEntity.m */ = {isa = PBXFileReference; fileEncoding = 4; lastKnownFileType = sourcecode.c.objc; path = MTMTopMenuEntity.m; sourceTree = "<group>"; };
		EC3D0BC41A32EB1E0097C9E2 /* MTMTopMenuDataController.h */ = {isa = PBXFileReference; fileEncoding = 4; lastKnownFileType = sourcecode.c.h; path = MTMTopMenuDataController.h; sourceTree = "<group>"; };
		EC3D0BC51A32EB1E0097C9E2 /* MTMTopMenuDataController.m */ = {isa = PBXFileReference; fileEncoding = 4; lastKnownFileType = sourcecode.c.objc; path = MTMTopMenuDataController.m; sourceTree = "<group>"; };
		EC3D0BD81A32EE950097C9E2 /* MTMTopMenuDataControllerTests.m */ = {isa = PBXFileReference; fileEncoding = 4; lastKnownFileType = sourcecode.c.objc; name = MTMTopMenuDataControllerTests.m; path = iOSEmbeddedModelKitTests/ModelController/MTMTopMenuDataControllerTests.m; sourceTree = SOURCE_ROOT; };
		EC3D0BE11A32EFF60097C9E2 /* topMenuTestData.plist */ = {isa = PBXFileReference; fileEncoding = 4; lastKnownFileType = text.plist.xml; name = topMenuTestData.plist; path = ../../TestResouce/plist/topMenuTestData.plist; sourceTree = "<group>"; };
		EC3D0BE71A32F78C0097C9E2 /* iOSMTGameControllerVerificationTopViewController.h */ = {isa = PBXFileReference; fileEncoding = 4; lastKnownFileType = sourcecode.c.h; name = iOSMTGameControllerVerificationTopViewController.h; path = Controller/ViewController/iOSMTGameControllerVerificationTopViewController.h; sourceTree = "<group>"; };
		EC3D0BE81A32F78C0097C9E2 /* iOSMTGameControllerVerificationTopViewController.m */ = {isa = PBXFileReference; fileEncoding = 4; lastKnownFileType = sourcecode.c.objc; name = iOSMTGameControllerVerificationTopViewController.m; path = Controller/ViewController/iOSMTGameControllerVerificationTopViewController.m; sourceTree = "<group>"; };
		EC3D0BE91A32F78C0097C9E2 /* iOSMTGameControllerVerificationTopViewController.xib */ = {isa = PBXFileReference; fileEncoding = 4; lastKnownFileType = file.xib; name = iOSMTGameControllerVerificationTopViewController.xib; path = Controller/ViewController/iOSMTGameControllerVerificationTopViewController.xib; sourceTree = "<group>"; };
		EC5D4C051A3DC3AD0058C078 /* iOSMTDemystifyAutoLayout1ViewController.h */ = {isa = PBXFileReference; fileEncoding = 4; lastKnownFileType = sourcecode.c.h; name = iOSMTDemystifyAutoLayout1ViewController.h; path = Controller/ViewController/iOSMTDemystifyAutoLayout1ViewController.h; sourceTree = "<group>"; };
		EC5D4C061A3DC3AD0058C078 /* iOSMTDemystifyAutoLayout1ViewController.m */ = {isa = PBXFileReference; fileEncoding = 4; lastKnownFileType = sourcecode.c.objc; name = iOSMTDemystifyAutoLayout1ViewController.m; path = Controller/ViewController/iOSMTDemystifyAutoLayout1ViewController.m; sourceTree = "<group>"; };
		EC5D4C071A3DC3AD0058C078 /* iOSMTDemystifyAutoLayout1ViewController.xib */ = {isa = PBXFileReference; fileEncoding = 4; lastKnownFileType = file.xib; name = iOSMTDemystifyAutoLayout1ViewController.xib; path = Controller/ViewController/iOSMTDemystifyAutoLayout1ViewController.xib; sourceTree = "<group>"; };
		ECDC652B1A2BD58B0080C608 /* iOSApp.app */ = {isa = PBXFileReference; explicitFileType = wrapper.application; includeInIndex = 0; path = iOSApp.app; sourceTree = BUILT_PRODUCTS_DIR; };
		ECDC652F1A2BD58B0080C608 /* Info.plist */ = {isa = PBXFileReference; lastKnownFileType = text.plist.xml; path = Info.plist; sourceTree = "<group>"; };
		ECDC65301A2BD58B0080C608 /* main.m */ = {isa = PBXFileReference; lastKnownFileType = sourcecode.c.objc; path = main.m; sourceTree = "<group>"; };
		ECDC65321A2BD58B0080C608 /* AppDelegate.h */ = {isa = PBXFileReference; lastKnownFileType = sourcecode.c.h; path = AppDelegate.h; sourceTree = "<group>"; };
		ECDC65331A2BD58B0080C608 /* AppDelegate.m */ = {isa = PBXFileReference; lastKnownFileType = sourcecode.c.objc; path = AppDelegate.m; sourceTree = "<group>"; };
		ECDC65391A2BD58B0080C608 /* Base */ = {isa = PBXFileReference; lastKnownFileType = file.storyboard; name = Base; path = Base.lproj/Main.storyboard; sourceTree = "<group>"; };
		ECDC653B1A2BD58B0080C608 /* Images.xcassets */ = {isa = PBXFileReference; lastKnownFileType = folder.assetcatalog; path = Images.xcassets; sourceTree = "<group>"; };
		ECDC653E1A2BD58B0080C608 /* Base */ = {isa = PBXFileReference; lastKnownFileType = file.xib; name = Base; path = Base.lproj/LaunchScreen.xib; sourceTree = "<group>"; };
		ECDC65441A2BD58B0080C608 /* iOSAppTests.xctest */ = {isa = PBXFileReference; explicitFileType = wrapper.cfbundle; includeInIndex = 0; path = iOSAppTests.xctest; sourceTree = BUILT_PRODUCTS_DIR; };
		ECDC65491A2BD58B0080C608 /* Info.plist */ = {isa = PBXFileReference; lastKnownFileType = text.plist.xml; path = Info.plist; sourceTree = "<group>"; };
		ECDC654A1A2BD58B0080C608 /* iOSAppTests.m */ = {isa = PBXFileReference; lastKnownFileType = sourcecode.c.objc; path = iOSAppTests.m; sourceTree = "<group>"; };
		ECDC65561A2BD5AC0080C608 /* OSXApp.app */ = {isa = PBXFileReference; explicitFileType = wrapper.application; includeInIndex = 0; path = OSXApp.app; sourceTree = BUILT_PRODUCTS_DIR; };
		ECDC65591A2BD5AC0080C608 /* Info.plist */ = {isa = PBXFileReference; lastKnownFileType = text.plist.xml; path = Info.plist; sourceTree = "<group>"; };
		ECDC655A1A2BD5AC0080C608 /* AppDelegate.h */ = {isa = PBXFileReference; lastKnownFileType = sourcecode.c.h; path = AppDelegate.h; sourceTree = "<group>"; };
		ECDC655B1A2BD5AC0080C608 /* AppDelegate.m */ = {isa = PBXFileReference; lastKnownFileType = sourcecode.c.objc; path = AppDelegate.m; sourceTree = "<group>"; };
		ECDC655D1A2BD5AC0080C608 /* main.m */ = {isa = PBXFileReference; lastKnownFileType = sourcecode.c.objc; path = main.m; sourceTree = "<group>"; };
		ECDC655F1A2BD5AC0080C608 /* ViewController.h */ = {isa = PBXFileReference; lastKnownFileType = sourcecode.c.h; path = ViewController.h; sourceTree = "<group>"; };
		ECDC65601A2BD5AC0080C608 /* ViewController.m */ = {isa = PBXFileReference; lastKnownFileType = sourcecode.c.objc; path = ViewController.m; sourceTree = "<group>"; };
		ECDC65621A2BD5AC0080C608 /* Images.xcassets */ = {isa = PBXFileReference; lastKnownFileType = folder.assetcatalog; path = Images.xcassets; sourceTree = "<group>"; };
		ECDC65651A2BD5AC0080C608 /* Base */ = {isa = PBXFileReference; lastKnownFileType = file.storyboard; name = Base; path = Base.lproj/Main.storyboard; sourceTree = "<group>"; };
		ECDC656B1A2BD5AC0080C608 /* OSXAppTests.xctest */ = {isa = PBXFileReference; explicitFileType = wrapper.cfbundle; includeInIndex = 0; path = OSXAppTests.xctest; sourceTree = BUILT_PRODUCTS_DIR; };
		ECDC65701A2BD5AC0080C608 /* Info.plist */ = {isa = PBXFileReference; lastKnownFileType = text.plist.xml; path = Info.plist; sourceTree = "<group>"; };
		ECDC65711A2BD5AC0080C608 /* OSXAppTests.m */ = {isa = PBXFileReference; lastKnownFileType = sourcecode.c.objc; path = OSXAppTests.m; sourceTree = "<group>"; };
/* End PBXFileReference section */

/* Begin PBXFrameworksBuildPhase section */
		EC3D0B531A32E99A0097C9E2 /* Frameworks */ = {
			isa = PBXFrameworksBuildPhase;
			buildActionMask = 2147483647;
			files = (
			);
			runOnlyForDeploymentPostprocessing = 0;
		};
		EC3D0B5E1A32E99A0097C9E2 /* Frameworks */ = {
			isa = PBXFrameworksBuildPhase;
			buildActionMask = 2147483647;
			files = (
				EC3D0B621A32E99B0097C9E2 /* iOSEmbeddedModelKit.framework in Frameworks */,
			);
			runOnlyForDeploymentPostprocessing = 0;
		};
		EC3D0B9C1A32EAAA0097C9E2 /* Frameworks */ = {
			isa = PBXFrameworksBuildPhase;
			buildActionMask = 2147483647;
			files = (
			);
			runOnlyForDeploymentPostprocessing = 0;
		};
		EC3D0BA71A32EAAA0097C9E2 /* Frameworks */ = {
			isa = PBXFrameworksBuildPhase;
			buildActionMask = 2147483647;
			files = (
				EC3D0BAB1A32EAAA0097C9E2 /* OSXEmbededdModelKit.framework in Frameworks */,
			);
			runOnlyForDeploymentPostprocessing = 0;
		};
		ECDC65281A2BD58B0080C608 /* Frameworks */ = {
			isa = PBXFrameworksBuildPhase;
			buildActionMask = 2147483647;
			files = (
				7484C4B91A33138600A310DE /* GameController.framework in Frameworks */,
				EC3D0B6E1A32E99B0097C9E2 /* iOSEmbeddedModelKit.framework in Frameworks */,
			);
			runOnlyForDeploymentPostprocessing = 0;
		};
		ECDC65411A2BD58B0080C608 /* Frameworks */ = {
			isa = PBXFrameworksBuildPhase;
			buildActionMask = 2147483647;
			files = (
			);
			runOnlyForDeploymentPostprocessing = 0;
		};
		ECDC65531A2BD5AC0080C608 /* Frameworks */ = {
			isa = PBXFrameworksBuildPhase;
			buildActionMask = 2147483647;
			files = (
				EC3D0BB71A32EAAB0097C9E2 /* OSXEmbededdModelKit.framework in Frameworks */,
			);
			runOnlyForDeploymentPostprocessing = 0;
		};
		ECDC65681A2BD5AC0080C608 /* Frameworks */ = {
			isa = PBXFrameworksBuildPhase;
			buildActionMask = 2147483647;
			files = (
			);
			runOnlyForDeploymentPostprocessing = 0;
		};
/* End PBXFrameworksBuildPhase section */

/* Begin PBXGroup section */
		740EF56D1A2C89D300735C4E /* Controller */ = {
			isa = PBXGroup;
			children = (
				ECDC65321A2BD58B0080C608 /* AppDelegate.h */,
				ECDC65331A2BD58B0080C608 /* AppDelegate.m */,
			);
			name = Controller;
			sourceTree = "<group>";
		};
		740EF56E1A2C89E300735C4E /* View */ = {
			isa = PBXGroup;
			children = (
				ECDC653D1A2BD58B0080C608 /* LaunchScreen.xib */,
				ECDC65381A2BD58B0080C608 /* Main.storyboard */,
			);
			name = View;
			sourceTree = "<group>";
		};
		740EF5731A2C8E4C00735C4E /* ViewController */ = {
			isa = PBXGroup;
			children = (
				EC5D4C041A3DC37F0058C078 /* AutoLayout */,
				EC3D0BE61A32F7260097C9E2 /* GameController */,
				EC3D0BEE1A32F7FC0097C9E2 /* TopMenu */,
			);
			name = ViewController;
			sourceTree = "<group>";
		};
		740EF5761A2DD4A300735C4E /* Resouce */ = {
			isa = PBXGroup;
			children = (
				740EF5771A2DD4A300735C4E /* plist */,
			);
			name = Resouce;
			path = ../Resouce;
			sourceTree = "<group>";
		};
		740EF5771A2DD4A300735C4E /* plist */ = {
			isa = PBXGroup;
			children = (
				740EF5791A2DD4A300735C4E /* topMenu.plist */,
			);
			path = plist;
			sourceTree = "<group>";
		};
		7484C4B71A33136900A310DE /* Framework */ = {
			isa = PBXGroup;
			children = (
				7484C4B81A33138600A310DE /* GameController.framework */,
			);
			name = Framework;
			sourceTree = "<group>";
		};
		EC03CCBB1A2BD234009C741E = {
			isa = PBXGroup;
			children = (
				740EF5ED1A30844D00735C4E /* CommonHeader.h */,
				EC3D0B9A1A32E9C10097C9E2 /* EmbeddedModelKit */,
				EC3D0BDA1A32EF840097C9E2 /* TestResouce */,
				740EF5761A2DD4A300735C4E /* Resouce */,
				ECDC652D1A2BD58B0080C608 /* iOSApp */,
				ECDC65471A2BD58B0080C608 /* iOSAppTests */,
				ECDC65571A2BD5AC0080C608 /* OSXApp */,
				ECDC656E1A2BD5AC0080C608 /* OSXAppTests */,
				EC3D0BA11A32EAAA0097C9E2 /* OSXEmbededdModelKit */,
				EC3D0BB01A32EAAB0097C9E2 /* OSXEmbededdModelKitTests */,
				EC3D0B581A32E99A0097C9E2 /* iOSEmbeddedModelKit */,
				EC3D0B671A32E99B0097C9E2 /* iOSEmbeddedModelKitTests */,
				ECDC652C1A2BD58B0080C608 /* Products */,
			);
			sourceTree = "<group>";
		};
		EC3D0B581A32E99A0097C9E2 /* iOSEmbeddedModelKit */ = {
			isa = PBXGroup;
			children = (
				EC3D0BD41A32EDC00097C9E2 /* ModelController */,
				EC3D0B5B1A32E99A0097C9E2 /* iOSEmbeddedModelKit.h */,
				EC3D0B591A32E99A0097C9E2 /* Supporting Files */,
			);
			path = iOSEmbeddedModelKit;
			sourceTree = "<group>";
		};
		EC3D0B591A32E99A0097C9E2 /* Supporting Files */ = {
			isa = PBXGroup;
			children = (
				EC3D0B5A1A32E99A0097C9E2 /* Info.plist */,
			);
			name = "Supporting Files";
			sourceTree = "<group>";
		};
		EC3D0B671A32E99B0097C9E2 /* iOSEmbeddedModelKitTests */ = {
			isa = PBXGroup;
			children = (
				EC3D0BD81A32EE950097C9E2 /* MTMTopMenuDataControllerTests.m */,
				EC3D0B6A1A32E99B0097C9E2 /* iOSEmbeddedModelKitTests.m */,
				EC3D0B681A32E99B0097C9E2 /* Supporting Files */,
			);
			path = iOSEmbeddedModelKitTests;
			sourceTree = "<group>";
		};
		EC3D0B681A32E99B0097C9E2 /* Supporting Files */ = {
			isa = PBXGroup;
			children = (
				EC3D0B691A32E99B0097C9E2 /* Info.plist */,
			);
			name = "Supporting Files";
			sourceTree = "<group>";
		};
		EC3D0B9A1A32E9C10097C9E2 /* EmbeddedModelKit */ = {
			isa = PBXGroup;
			children = (
				EC3D0BC01A32EB1E0097C9E2 /* Entity */,
				EC3D0BC31A32EB1E0097C9E2 /* ModelController */,
			);
			name = EmbeddedModelKit;
			sourceTree = "<group>";
		};
		EC3D0BA11A32EAAA0097C9E2 /* OSXEmbededdModelKit */ = {
			isa = PBXGroup;
			children = (
				EC3D0BA41A32EAAA0097C9E2 /* OSXEmbededdModelKit.h */,
				EC3D0BA21A32EAAA0097C9E2 /* Supporting Files */,
			);
			path = OSXEmbededdModelKit;
			sourceTree = "<group>";
		};
		EC3D0BA21A32EAAA0097C9E2 /* Supporting Files */ = {
			isa = PBXGroup;
			children = (
				EC3D0BA31A32EAAA0097C9E2 /* Info.plist */,
			);
			name = "Supporting Files";
			sourceTree = "<group>";
		};
		EC3D0BB01A32EAAB0097C9E2 /* OSXEmbededdModelKitTests */ = {
			isa = PBXGroup;
			children = (
				EC3D0BB31A32EAAB0097C9E2 /* OSXEmbededdModelKitTests.m */,
				EC3D0BB11A32EAAB0097C9E2 /* Supporting Files */,
			);
			path = OSXEmbededdModelKitTests;
			sourceTree = "<group>";
		};
		EC3D0BB11A32EAAB0097C9E2 /* Supporting Files */ = {
			isa = PBXGroup;
			children = (
				EC3D0BB21A32EAAB0097C9E2 /* Info.plist */,
			);
			name = "Supporting Files";
			sourceTree = "<group>";
		};
		EC3D0BC01A32EB1E0097C9E2 /* Entity */ = {
			isa = PBXGroup;
			children = (
				EC3D0BC11A32EB1E0097C9E2 /* MTMTopMenuEntity.h */,
				EC3D0BC21A32EB1E0097C9E2 /* MTMTopMenuEntity.m */,
			);
			name = Entity;
			path = Model/Entity;
			sourceTree = "<group>";
		};
		EC3D0BC31A32EB1E0097C9E2 /* ModelController */ = {
			isa = PBXGroup;
			children = (
				EC3D0BC41A32EB1E0097C9E2 /* MTMTopMenuDataController.h */,
				EC3D0BC51A32EB1E0097C9E2 /* MTMTopMenuDataController.m */,
			);
			name = ModelController;
			path = Model/ModelController;
			sourceTree = "<group>";
		};
		EC3D0BD41A32EDC00097C9E2 /* ModelController */ = {
			isa = PBXGroup;
			children = (
			);
			name = ModelController;
			path = ModelTests/ModelController;
			sourceTree = SOURCE_ROOT;
		};
		EC3D0BDA1A32EF840097C9E2 /* TestResouce */ = {
			isa = PBXGroup;
			children = (
				EC3D0BDB1A32EF840097C9E2 /* plist */,
			);
			name = TestResouce;
			path = "../ TestResouce";
			sourceTree = "<group>";
		};
		EC3D0BDB1A32EF840097C9E2 /* plist */ = {
			isa = PBXGroup;
			children = (
				EC3D0BE11A32EFF60097C9E2 /* topMenuTestData.plist */,
			);
			path = plist;
			sourceTree = "<group>";
		};
		EC3D0BE61A32F7260097C9E2 /* GameController */ = {
			isa = PBXGroup;
			children = (
				EC3D0BE71A32F78C0097C9E2 /* iOSMTGameControllerVerificationTopViewController.h */,
				EC3D0BE81A32F78C0097C9E2 /* iOSMTGameControllerVerificationTopViewController.m */,
				EC3D0BE91A32F78C0097C9E2 /* iOSMTGameControllerVerificationTopViewController.xib */,
				74CCE17C1A34606C006F2141 /* iOSMTGamePadConnectionCheckViewController.h */,
				74CCE17D1A34606C006F2141 /* iOSMTGamePadConnectionCheckViewController.m */,
				74CCE17E1A34606C006F2141 /* iOSMTGamePadConnectionCheckViewController.xib */,
				74538C0F1A35262900850210 /* iOSMTHIDeviceController.h */,
				74538C101A35262900850210 /* iOSMTHIDeviceController.m */,
				7485AC3C1A3C980400CB953F /* iOSMTGamePadConnectionCheckButtonAView.h */,
				7485AC3D1A3C980400CB953F /* iOSMTGamePadConnectionCheckButtonAView.m */,
			);
			name = GameController;
			sourceTree = "<group>";
		};
		EC3D0BEE1A32F7FC0097C9E2 /* TopMenu */ = {
			isa = PBXGroup;
			children = (
				740EF56F1A2C8E4900735C4E /* MTTopViewController.h */,
				740EF5701A2C8E4900735C4E /* MTTopViewController.m */,
				740EF5E11A307EDD00735C4E /* MTTopViewTableDataSource.h */,
				740EF5E21A307EDD00735C4E /* MTTopViewTableDataSource.m */,
			);
			name = TopMenu;
			sourceTree = "<group>";
		};
		EC5D4C041A3DC37F0058C078 /* AutoLayout */ = {
			isa = PBXGroup;
			children = (
				EC5D4C051A3DC3AD0058C078 /* iOSMTDemystifyAutoLayout1ViewController.h */,
				EC5D4C061A3DC3AD0058C078 /* iOSMTDemystifyAutoLayout1ViewController.m */,
				EC5D4C071A3DC3AD0058C078 /* iOSMTDemystifyAutoLayout1ViewController.xib */,
			);
			name = AutoLayout;
			sourceTree = "<group>";
		};
		ECDC652C1A2BD58B0080C608 /* Products */ = {
			isa = PBXGroup;
			children = (
				ECDC652B1A2BD58B0080C608 /* iOSApp.app */,
				ECDC65441A2BD58B0080C608 /* iOSAppTests.xctest */,
				ECDC65561A2BD5AC0080C608 /* OSXApp.app */,
				ECDC656B1A2BD5AC0080C608 /* OSXAppTests.xctest */,
				EC3D0B571A32E99A0097C9E2 /* iOSEmbeddedModelKit.framework */,
				EC3D0B611A32E99A0097C9E2 /* iOSEmbeddedModelKitTests.xctest */,
				EC3D0BA01A32EAAA0097C9E2 /* OSXEmbededdModelKit.framework */,
				EC3D0BAA1A32EAAA0097C9E2 /* OSXEmbededdModelKitTests.xctest */,
			);
			name = Products;
			sourceTree = "<group>";
		};
		ECDC652D1A2BD58B0080C608 /* iOSApp */ = {
			isa = PBXGroup;
			children = (
				740EF56D1A2C89D300735C4E /* Controller */,
				740EF56E1A2C89E300735C4E /* View */,
				740EF5731A2C8E4C00735C4E /* ViewController */,
				ECDC653B1A2BD58B0080C608 /* Images.xcassets */,
				ECDC652E1A2BD58B0080C608 /* Supporting Files */,
				7484C4B71A33136900A310DE /* Framework */,
			);
			path = iOSApp;
			sourceTree = "<group>";
		};
		ECDC652E1A2BD58B0080C608 /* Supporting Files */ = {
			isa = PBXGroup;
			children = (
				7484C4B61A330FB500A310DE /* iOSApp.entitlements */,
				ECDC652F1A2BD58B0080C608 /* Info.plist */,
				ECDC65301A2BD58B0080C608 /* main.m */,
			);
			name = "Supporting Files";
			sourceTree = "<group>";
		};
		ECDC65471A2BD58B0080C608 /* iOSAppTests */ = {
			isa = PBXGroup;
			children = (
				ECDC654A1A2BD58B0080C608 /* iOSAppTests.m */,
				ECDC65481A2BD58B0080C608 /* Supporting Files */,
			);
			path = iOSAppTests;
			sourceTree = "<group>";
		};
		ECDC65481A2BD58B0080C608 /* Supporting Files */ = {
			isa = PBXGroup;
			children = (
				ECDC65491A2BD58B0080C608 /* Info.plist */,
			);
			name = "Supporting Files";
			sourceTree = "<group>";
		};
		ECDC65571A2BD5AC0080C608 /* OSXApp */ = {
			isa = PBXGroup;
			children = (
				ECDC655A1A2BD5AC0080C608 /* AppDelegate.h */,
				ECDC655B1A2BD5AC0080C608 /* AppDelegate.m */,
				ECDC655F1A2BD5AC0080C608 /* ViewController.h */,
				ECDC65601A2BD5AC0080C608 /* ViewController.m */,
				ECDC65621A2BD5AC0080C608 /* Images.xcassets */,
				ECDC65641A2BD5AC0080C608 /* Main.storyboard */,
				ECDC65581A2BD5AC0080C608 /* Supporting Files */,
			);
			path = OSXApp;
			sourceTree = "<group>";
		};
		ECDC65581A2BD5AC0080C608 /* Supporting Files */ = {
			isa = PBXGroup;
			children = (
				ECDC65591A2BD5AC0080C608 /* Info.plist */,
				ECDC655D1A2BD5AC0080C608 /* main.m */,
			);
			name = "Supporting Files";
			sourceTree = "<group>";
		};
		ECDC656E1A2BD5AC0080C608 /* OSXAppTests */ = {
			isa = PBXGroup;
			children = (
				ECDC65711A2BD5AC0080C608 /* OSXAppTests.m */,
				ECDC656F1A2BD5AC0080C608 /* Supporting Files */,
			);
			path = OSXAppTests;
			sourceTree = "<group>";
		};
		ECDC656F1A2BD5AC0080C608 /* Supporting Files */ = {
			isa = PBXGroup;
			children = (
				ECDC65701A2BD5AC0080C608 /* Info.plist */,
			);
			name = "Supporting Files";
			sourceTree = "<group>";
		};
/* End PBXGroup section */

/* Begin PBXHeadersBuildPhase section */
		EC3D0B541A32E99A0097C9E2 /* Headers */ = {
			isa = PBXHeadersBuildPhase;
			buildActionMask = 2147483647;
			files = (
				EC3D0B5C1A32E99A0097C9E2 /* iOSEmbeddedModelKit.h in Headers */,
				EC3D0BC61A32EB1E0097C9E2 /* MTMTopMenuEntity.h in Headers */,
				EC3D0BCC1A32EB1E0097C9E2 /* MTMTopMenuDataController.h in Headers */,
			);
			runOnlyForDeploymentPostprocessing = 0;
		};
		EC3D0B9D1A32EAAA0097C9E2 /* Headers */ = {
			isa = PBXHeadersBuildPhase;
			buildActionMask = 2147483647;
			files = (
				EC3D0BA51A32EAAA0097C9E2 /* OSXEmbededdModelKit.h in Headers */,
				EC3D0BC71A32EB1E0097C9E2 /* MTMTopMenuEntity.h in Headers */,
				EC3D0BCD1A32EB1E0097C9E2 /* MTMTopMenuDataController.h in Headers */,
			);
			runOnlyForDeploymentPostprocessing = 0;
		};
/* End PBXHeadersBuildPhase section */

/* Begin PBXNativeTarget section */
		EC3D0B561A32E99A0097C9E2 /* iOSEmbeddedModelKit */ = {
			isa = PBXNativeTarget;
			buildConfigurationList = EC3D0B701A32E99B0097C9E2 /* Build configuration list for PBXNativeTarget "iOSEmbeddedModelKit" */;
			buildPhases = (
				EC3D0B521A32E99A0097C9E2 /* Sources */,
				EC3D0B531A32E99A0097C9E2 /* Frameworks */,
				EC3D0B541A32E99A0097C9E2 /* Headers */,
				EC3D0B551A32E99A0097C9E2 /* Resources */,
			);
			buildRules = (
			);
			dependencies = (
			);
			name = iOSEmbeddedModelKit;
			productName = iOSEmbeddedModelKit;
			productReference = EC3D0B571A32E99A0097C9E2 /* iOSEmbeddedModelKit.framework */;
			productType = "com.apple.product-type.framework";
		};
		EC3D0B601A32E99A0097C9E2 /* iOSEmbeddedModelKitTests */ = {
			isa = PBXNativeTarget;
			buildConfigurationList = EC3D0B731A32E99B0097C9E2 /* Build configuration list for PBXNativeTarget "iOSEmbeddedModelKitTests" */;
			buildPhases = (
				EC3D0B5D1A32E99A0097C9E2 /* Sources */,
				EC3D0B5E1A32E99A0097C9E2 /* Frameworks */,
				EC3D0B5F1A32E99A0097C9E2 /* Resources */,
			);
			buildRules = (
			);
			dependencies = (
				EC3D0B641A32E99B0097C9E2 /* PBXTargetDependency */,
				EC3D0B661A32E99B0097C9E2 /* PBXTargetDependency */,
			);
			name = iOSEmbeddedModelKitTests;
			productName = iOSEmbeddedModelKitTests;
			productReference = EC3D0B611A32E99A0097C9E2 /* iOSEmbeddedModelKitTests.xctest */;
			productType = "com.apple.product-type.bundle.unit-test";
		};
		EC3D0B9F1A32EAAA0097C9E2 /* OSXEmbededdModelKit */ = {
			isa = PBXNativeTarget;
			buildConfigurationList = EC3D0BB91A32EAAB0097C9E2 /* Build configuration list for PBXNativeTarget "OSXEmbededdModelKit" */;
			buildPhases = (
				EC3D0B9B1A32EAAA0097C9E2 /* Sources */,
				EC3D0B9C1A32EAAA0097C9E2 /* Frameworks */,
				EC3D0B9D1A32EAAA0097C9E2 /* Headers */,
				EC3D0B9E1A32EAAA0097C9E2 /* Resources */,
			);
			buildRules = (
			);
			dependencies = (
			);
			name = OSXEmbededdModelKit;
			productName = OSXEmbededdModelKit;
			productReference = EC3D0BA01A32EAAA0097C9E2 /* OSXEmbededdModelKit.framework */;
			productType = "com.apple.product-type.framework";
		};
		EC3D0BA91A32EAAA0097C9E2 /* OSXEmbededdModelKitTests */ = {
			isa = PBXNativeTarget;
			buildConfigurationList = EC3D0BBD1A32EAAB0097C9E2 /* Build configuration list for PBXNativeTarget "OSXEmbededdModelKitTests" */;
			buildPhases = (
				EC3D0BA61A32EAAA0097C9E2 /* Sources */,
				EC3D0BA71A32EAAA0097C9E2 /* Frameworks */,
				EC3D0BA81A32EAAA0097C9E2 /* Resources */,
			);
			buildRules = (
			);
			dependencies = (
				EC3D0BAD1A32EAAA0097C9E2 /* PBXTargetDependency */,
				EC3D0BAF1A32EAAB0097C9E2 /* PBXTargetDependency */,
			);
			name = OSXEmbededdModelKitTests;
			productName = OSXEmbededdModelKitTests;
			productReference = EC3D0BAA1A32EAAA0097C9E2 /* OSXEmbededdModelKitTests.xctest */;
			productType = "com.apple.product-type.bundle.unit-test";
		};
		ECDC652A1A2BD58B0080C608 /* iOSApp */ = {
			isa = PBXNativeTarget;
			buildConfigurationList = ECDC65501A2BD58B0080C608 /* Build configuration list for PBXNativeTarget "iOSApp" */;
			buildPhases = (
				ECDC65271A2BD58B0080C608 /* Sources */,
				ECDC65281A2BD58B0080C608 /* Frameworks */,
				ECDC65291A2BD58B0080C608 /* Resources */,
				EC3D0B3E1A32E82A0097C9E2 /* Embed Frameworks */,
			);
			buildRules = (
			);
			dependencies = (
				EC3D0B6D1A32E99B0097C9E2 /* PBXTargetDependency */,
			);
			name = iOSApp;
			productName = iOSApp;
			productReference = ECDC652B1A2BD58B0080C608 /* iOSApp.app */;
			productType = "com.apple.product-type.application";
		};
		ECDC65431A2BD58B0080C608 /* iOSAppTests */ = {
			isa = PBXNativeTarget;
			buildConfigurationList = ECDC65511A2BD58B0080C608 /* Build configuration list for PBXNativeTarget "iOSAppTests" */;
			buildPhases = (
				ECDC65401A2BD58B0080C608 /* Sources */,
				ECDC65411A2BD58B0080C608 /* Frameworks */,
				ECDC65421A2BD58B0080C608 /* Resources */,
			);
			buildRules = (
			);
			dependencies = (
				ECDC65461A2BD58B0080C608 /* PBXTargetDependency */,
			);
			name = iOSAppTests;
			productName = iOSAppTests;
			productReference = ECDC65441A2BD58B0080C608 /* iOSAppTests.xctest */;
			productType = "com.apple.product-type.bundle.unit-test";
		};
		ECDC65551A2BD5AC0080C608 /* OSXApp */ = {
			isa = PBXNativeTarget;
			buildConfigurationList = ECDC65771A2BD5AC0080C608 /* Build configuration list for PBXNativeTarget "OSXApp" */;
			buildPhases = (
				ECDC65521A2BD5AC0080C608 /* Sources */,
				ECDC65531A2BD5AC0080C608 /* Frameworks */,
				ECDC65541A2BD5AC0080C608 /* Resources */,
				EC3D0BBC1A32EAAB0097C9E2 /* Embed Frameworks */,
			);
			buildRules = (
			);
			dependencies = (
				EC3D0BB61A32EAAB0097C9E2 /* PBXTargetDependency */,
			);
			name = OSXApp;
			productName = OSXApp;
			productReference = ECDC65561A2BD5AC0080C608 /* OSXApp.app */;
			productType = "com.apple.product-type.application";
		};
		ECDC656A1A2BD5AC0080C608 /* OSXAppTests */ = {
			isa = PBXNativeTarget;
			buildConfigurationList = ECDC65781A2BD5AC0080C608 /* Build configuration list for PBXNativeTarget "OSXAppTests" */;
			buildPhases = (
				ECDC65671A2BD5AC0080C608 /* Sources */,
				ECDC65681A2BD5AC0080C608 /* Frameworks */,
				ECDC65691A2BD5AC0080C608 /* Resources */,
			);
			buildRules = (
			);
			dependencies = (
				ECDC656D1A2BD5AC0080C608 /* PBXTargetDependency */,
			);
			name = OSXAppTests;
			productName = OSXAppTests;
			productReference = ECDC656B1A2BD5AC0080C608 /* OSXAppTests.xctest */;
			productType = "com.apple.product-type.bundle.unit-test";
		};
/* End PBXNativeTarget section */

/* Begin PBXProject section */
		EC03CCBC1A2BD234009C741E /* Project object */ = {
			isa = PBXProject;
			attributes = {
				CLASSPREFIX = MT;
				LastUpgradeCheck = 0610;
				TargetAttributes = {
					EC3D0B561A32E99A0097C9E2 = {
						CreatedOnToolsVersion = 6.1;
						DevelopmentTeam = KCQC4QP985;
					};
					EC3D0B601A32E99A0097C9E2 = {
						CreatedOnToolsVersion = 6.1;
						TestTargetID = ECDC652A1A2BD58B0080C608;
					};
					EC3D0B9F1A32EAAA0097C9E2 = {
						CreatedOnToolsVersion = 6.1;
					};
					EC3D0BA91A32EAAA0097C9E2 = {
						CreatedOnToolsVersion = 6.1;
						TestTargetID = ECDC65551A2BD5AC0080C608;
					};
					ECDC652A1A2BD58B0080C608 = {
						CreatedOnToolsVersion = 6.1;
						DevelopmentTeam = KCQC4QP985;
						SystemCapabilities = {
							com.apple.ApplicationGroups.iOS = {
								enabled = 1;
							};
						};
					};
					ECDC65431A2BD58B0080C608 = {
						CreatedOnToolsVersion = 6.1;
						TestTargetID = ECDC652A1A2BD58B0080C608;
					};
					ECDC65551A2BD5AC0080C608 = {
						CreatedOnToolsVersion = 6.1;
					};
					ECDC656A1A2BD5AC0080C608 = {
						CreatedOnToolsVersion = 6.1;
						TestTargetID = ECDC65551A2BD5AC0080C608;
					};
				};
			};
			buildConfigurationList = EC03CCBF1A2BD234009C741E /* Build configuration list for PBXProject "macTechnicalness" */;
			compatibilityVersion = "Xcode 3.2";
			developmentRegion = English;
			hasScannedForEncodings = 0;
			knownRegions = (
				en,
				Base,
			);
			mainGroup = EC03CCBB1A2BD234009C741E;
			productRefGroup = ECDC652C1A2BD58B0080C608 /* Products */;
			projectDirPath = "";
			projectRoot = "";
			targets = (
				ECDC652A1A2BD58B0080C608 /* iOSApp */,
				ECDC65431A2BD58B0080C608 /* iOSAppTests */,
				ECDC65551A2BD5AC0080C608 /* OSXApp */,
				ECDC656A1A2BD5AC0080C608 /* OSXAppTests */,
				EC3D0B561A32E99A0097C9E2 /* iOSEmbeddedModelKit */,
				EC3D0B601A32E99A0097C9E2 /* iOSEmbeddedModelKitTests */,
				EC3D0B9F1A32EAAA0097C9E2 /* OSXEmbededdModelKit */,
				EC3D0BA91A32EAAA0097C9E2 /* OSXEmbededdModelKitTests */,
			);
		};
/* End PBXProject section */

/* Begin PBXResourcesBuildPhase section */
		EC3D0B551A32E99A0097C9E2 /* Resources */ = {
			isa = PBXResourcesBuildPhase;
			buildActionMask = 2147483647;
			files = (
			);
			runOnlyForDeploymentPostprocessing = 0;
		};
		EC3D0B5F1A32E99A0097C9E2 /* Resources */ = {
			isa = PBXResourcesBuildPhase;
			buildActionMask = 2147483647;
			files = (
				EC3D0BE41A32EFF60097C9E2 /* topMenuTestData.plist in Resources */,
			);
			runOnlyForDeploymentPostprocessing = 0;
		};
		EC3D0B9E1A32EAAA0097C9E2 /* Resources */ = {
			isa = PBXResourcesBuildPhase;
			buildActionMask = 2147483647;
			files = (
			);
			runOnlyForDeploymentPostprocessing = 0;
		};
		EC3D0BA81A32EAAA0097C9E2 /* Resources */ = {
			isa = PBXResourcesBuildPhase;
			buildActionMask = 2147483647;
			files = (
				EC3D0BE51A32EFF60097C9E2 /* topMenuTestData.plist in Resources */,
			);
			runOnlyForDeploymentPostprocessing = 0;
		};
		ECDC65291A2BD58B0080C608 /* Resources */ = {
			isa = PBXResourcesBuildPhase;
			buildActionMask = 2147483647;
			files = (
				EC3D0BEC1A32F78C0097C9E2 /* iOSMTGameControllerVerificationTopViewController.xib in Resources */,
				ECDC653A1A2BD58B0080C608 /* Main.storyboard in Resources */,
				74CCE1811A34606C006F2141 /* iOSMTGamePadConnectionCheckViewController.xib in Resources */,
				ECDC653F1A2BD58B0080C608 /* LaunchScreen.xib in Resources */,
				740EF57E1A2DD4A300735C4E /* topMenu.plist in Resources */,
				ECDC653C1A2BD58B0080C608 /* Images.xcassets in Resources */,
				EC5D4C0A1A3DC3AD0058C078 /* iOSMTDemystifyAutoLayout1ViewController.xib in Resources */,
			);
			runOnlyForDeploymentPostprocessing = 0;
		};
		ECDC65421A2BD58B0080C608 /* Resources */ = {
			isa = PBXResourcesBuildPhase;
			buildActionMask = 2147483647;
			files = (
				EC5D4C0B1A3DC3AD0058C078 /* iOSMTDemystifyAutoLayout1ViewController.xib in Resources */,
				74CCE1821A34606C006F2141 /* iOSMTGamePadConnectionCheckViewController.xib in Resources */,
				EC3D0BED1A32F78C0097C9E2 /* iOSMTGameControllerVerificationTopViewController.xib in Resources */,
				740EF57F1A2DD4A300735C4E /* topMenu.plist in Resources */,
				EC3D0BE21A32EFF60097C9E2 /* topMenuTestData.plist in Resources */,
			);
			runOnlyForDeploymentPostprocessing = 0;
		};
		ECDC65541A2BD5AC0080C608 /* Resources */ = {
			isa = PBXResourcesBuildPhase;
			buildActionMask = 2147483647;
			files = (
				ECDC65631A2BD5AC0080C608 /* Images.xcassets in Resources */,
				ECDC65661A2BD5AC0080C608 /* Main.storyboard in Resources */,
				740EF5801A2DD4A300735C4E /* topMenu.plist in Resources */,
			);
			runOnlyForDeploymentPostprocessing = 0;
		};
		ECDC65691A2BD5AC0080C608 /* Resources */ = {
			isa = PBXResourcesBuildPhase;
			buildActionMask = 2147483647;
			files = (
				740EF5811A2DD4A300735C4E /* topMenu.plist in Resources */,
				EC3D0BE31A32EFF60097C9E2 /* topMenuTestData.plist in Resources */,
			);
			runOnlyForDeploymentPostprocessing = 0;
		};
/* End PBXResourcesBuildPhase section */

/* Begin PBXSourcesBuildPhase section */
		EC3D0B521A32E99A0097C9E2 /* Sources */ = {
			isa = PBXSourcesBuildPhase;
			buildActionMask = 2147483647;
			files = (
				EC3D0BC81A32EB1E0097C9E2 /* MTMTopMenuEntity.m in Sources */,
				EC3D0BCE1A32EB1E0097C9E2 /* MTMTopMenuDataController.m in Sources */,
			);
			runOnlyForDeploymentPostprocessing = 0;
		};
		EC3D0B5D1A32E99A0097C9E2 /* Sources */ = {
			isa = PBXSourcesBuildPhase;
			buildActionMask = 2147483647;
			files = (
				EC3D0BCF1A32EB1E0097C9E2 /* MTMTopMenuDataController.m in Sources */,
				EC3D0BD91A32EE950097C9E2 /* MTMTopMenuDataControllerTests.m in Sources */,
				EC3D0BC91A32EB1E0097C9E2 /* MTMTopMenuEntity.m in Sources */,
				EC3D0B6B1A32E99B0097C9E2 /* iOSEmbeddedModelKitTests.m in Sources */,
			);
			runOnlyForDeploymentPostprocessing = 0;
		};
		EC3D0B9B1A32EAAA0097C9E2 /* Sources */ = {
			isa = PBXSourcesBuildPhase;
			buildActionMask = 2147483647;
			files = (
				EC3D0BCA1A32EB1E0097C9E2 /* MTMTopMenuEntity.m in Sources */,
				EC3D0BD01A32EB1E0097C9E2 /* MTMTopMenuDataController.m in Sources */,
			);
			runOnlyForDeploymentPostprocessing = 0;
		};
		EC3D0BA61A32EAAA0097C9E2 /* Sources */ = {
			isa = PBXSourcesBuildPhase;
			buildActionMask = 2147483647;
			files = (
				EC3D0BD11A32EB1E0097C9E2 /* MTMTopMenuDataController.m in Sources */,
				EC3D0BCB1A32EB1E0097C9E2 /* MTMTopMenuEntity.m in Sources */,
				EC3D0BB41A32EAAB0097C9E2 /* OSXEmbededdModelKitTests.m in Sources */,
			);
			runOnlyForDeploymentPostprocessing = 0;
		};
		ECDC65271A2BD58B0080C608 /* Sources */ = {
			isa = PBXSourcesBuildPhase;
			buildActionMask = 2147483647;
			files = (
				74538C111A35262900850210 /* iOSMTHIDeviceController.m in Sources */,
				74CCE17F1A34606C006F2141 /* iOSMTGamePadConnectionCheckViewController.m in Sources */,
				EC3D0BEA1A32F78C0097C9E2 /* iOSMTGameControllerVerificationTopViewController.m in Sources */,
				ECDC65341A2BD58B0080C608 /* AppDelegate.m in Sources */,
				7485AC3E1A3C980400CB953F /* iOSMTGamePadConnectionCheckButtonAView.m in Sources */,
				EC5D4C081A3DC3AD0058C078 /* iOSMTDemystifyAutoLayout1ViewController.m in Sources */,
				ECDC65311A2BD58B0080C608 /* main.m in Sources */,
				740EF5711A2C8E4900735C4E /* MTTopViewController.m in Sources */,
				740EF5E31A307EDD00735C4E /* MTTopViewTableDataSource.m in Sources */,
			);
			runOnlyForDeploymentPostprocessing = 0;
		};
		ECDC65401A2BD58B0080C608 /* Sources */ = {
			isa = PBXSourcesBuildPhase;
			buildActionMask = 2147483647;
			files = (
				7485AC3F1A3C980400CB953F /* iOSMTGamePadConnectionCheckButtonAView.m in Sources */,
				EC3D0BEB1A32F78C0097C9E2 /* iOSMTGameControllerVerificationTopViewController.m in Sources */,
				74538C121A35262900850210 /* iOSMTHIDeviceController.m in Sources */,
				740EF5E41A307EDD00735C4E /* MTTopViewTableDataSource.m in Sources */,
				740EF5721A2C8E4900735C4E /* MTTopViewController.m in Sources */,
				EC5D4C091A3DC3AD0058C078 /* iOSMTDemystifyAutoLayout1ViewController.m in Sources */,
				ECDC654B1A2BD58B0080C608 /* iOSAppTests.m in Sources */,
				74CCE1801A34606C006F2141 /* iOSMTGamePadConnectionCheckViewController.m in Sources */,
			);
			runOnlyForDeploymentPostprocessing = 0;
		};
		ECDC65521A2BD5AC0080C608 /* Sources */ = {
			isa = PBXSourcesBuildPhase;
			buildActionMask = 2147483647;
			files = (
				ECDC65611A2BD5AC0080C608 /* ViewController.m in Sources */,
				ECDC655E1A2BD5AC0080C608 /* main.m in Sources */,
				ECDC655C1A2BD5AC0080C608 /* AppDelegate.m in Sources */,
			);
			runOnlyForDeploymentPostprocessing = 0;
		};
		ECDC65671A2BD5AC0080C608 /* Sources */ = {
			isa = PBXSourcesBuildPhase;
			buildActionMask = 2147483647;
			files = (
				ECDC65721A2BD5AC0080C608 /* OSXAppTests.m in Sources */,
			);
			runOnlyForDeploymentPostprocessing = 0;
		};
/* End PBXSourcesBuildPhase section */

/* Begin PBXTargetDependency section */
		EC3D0B641A32E99B0097C9E2 /* PBXTargetDependency */ = {
			isa = PBXTargetDependency;
			target = EC3D0B561A32E99A0097C9E2 /* iOSEmbeddedModelKit */;
			targetProxy = EC3D0B631A32E99B0097C9E2 /* PBXContainerItemProxy */;
		};
		EC3D0B661A32E99B0097C9E2 /* PBXTargetDependency */ = {
			isa = PBXTargetDependency;
			target = ECDC652A1A2BD58B0080C608 /* iOSApp */;
			targetProxy = EC3D0B651A32E99B0097C9E2 /* PBXContainerItemProxy */;
		};
		EC3D0B6D1A32E99B0097C9E2 /* PBXTargetDependency */ = {
			isa = PBXTargetDependency;
			target = EC3D0B561A32E99A0097C9E2 /* iOSEmbeddedModelKit */;
			targetProxy = EC3D0B6C1A32E99B0097C9E2 /* PBXContainerItemProxy */;
		};
		EC3D0BAD1A32EAAA0097C9E2 /* PBXTargetDependency */ = {
			isa = PBXTargetDependency;
			target = EC3D0B9F1A32EAAA0097C9E2 /* OSXEmbededdModelKit */;
			targetProxy = EC3D0BAC1A32EAAA0097C9E2 /* PBXContainerItemProxy */;
		};
		EC3D0BAF1A32EAAB0097C9E2 /* PBXTargetDependency */ = {
			isa = PBXTargetDependency;
			target = ECDC65551A2BD5AC0080C608 /* OSXApp */;
			targetProxy = EC3D0BAE1A32EAAB0097C9E2 /* PBXContainerItemProxy */;
		};
		EC3D0BB61A32EAAB0097C9E2 /* PBXTargetDependency */ = {
			isa = PBXTargetDependency;
			target = EC3D0B9F1A32EAAA0097C9E2 /* OSXEmbededdModelKit */;
			targetProxy = EC3D0BB51A32EAAB0097C9E2 /* PBXContainerItemProxy */;
		};
		ECDC65461A2BD58B0080C608 /* PBXTargetDependency */ = {
			isa = PBXTargetDependency;
			target = ECDC652A1A2BD58B0080C608 /* iOSApp */;
			targetProxy = ECDC65451A2BD58B0080C608 /* PBXContainerItemProxy */;
		};
		ECDC656D1A2BD5AC0080C608 /* PBXTargetDependency */ = {
			isa = PBXTargetDependency;
			target = ECDC65551A2BD5AC0080C608 /* OSXApp */;
			targetProxy = ECDC656C1A2BD5AC0080C608 /* PBXContainerItemProxy */;
		};
/* End PBXTargetDependency section */

/* Begin PBXVariantGroup section */
		ECDC65381A2BD58B0080C608 /* Main.storyboard */ = {
			isa = PBXVariantGroup;
			children = (
				ECDC65391A2BD58B0080C608 /* Base */,
			);
			name = Main.storyboard;
			sourceTree = "<group>";
		};
		ECDC653D1A2BD58B0080C608 /* LaunchScreen.xib */ = {
			isa = PBXVariantGroup;
			children = (
				ECDC653E1A2BD58B0080C608 /* Base */,
			);
			name = LaunchScreen.xib;
			sourceTree = "<group>";
		};
		ECDC65641A2BD5AC0080C608 /* Main.storyboard */ = {
			isa = PBXVariantGroup;
			children = (
				ECDC65651A2BD5AC0080C608 /* Base */,
			);
			name = Main.storyboard;
			sourceTree = "<group>";
		};
/* End PBXVariantGroup section */

/* Begin XCBuildConfiguration section */
		EC03CCC01A2BD234009C741E /* Debug */ = {
			isa = XCBuildConfiguration;
			buildSettings = {
			};
			name = Debug;
		};
		EC03CCC11A2BD234009C741E /* Release */ = {
			isa = XCBuildConfiguration;
			buildSettings = {
			};
			name = Release;
		};
		EC3D0B711A32E99B0097C9E2 /* Debug */ = {
			isa = XCBuildConfiguration;
			buildSettings = {
				ALWAYS_SEARCH_USER_PATHS = NO;
				CLANG_CXX_LANGUAGE_STANDARD = "gnu++0x";
				CLANG_CXX_LIBRARY = "libc++";
				CLANG_ENABLE_MODULES = YES;
				CLANG_ENABLE_OBJC_ARC = YES;
				CLANG_WARN_BOOL_CONVERSION = YES;
				CLANG_WARN_CONSTANT_CONVERSION = YES;
				CLANG_WARN_DIRECT_OBJC_ISA_USAGE = YES_ERROR;
				CLANG_WARN_EMPTY_BODY = YES;
				CLANG_WARN_ENUM_CONVERSION = YES;
				CLANG_WARN_INT_CONVERSION = YES;
				CLANG_WARN_OBJC_ROOT_CLASS = YES_ERROR;
				CLANG_WARN_UNREACHABLE_CODE = YES;
				CLANG_WARN__DUPLICATE_METHOD_MATCH = YES;
				CODE_SIGN_IDENTITY = "iPhone Developer: Yuji Imamura (FS73756HA6)";
				"CODE_SIGN_IDENTITY[sdk=iphoneos*]" = "iPhone Developer: Yuji Imamura (FS73756HA6)";
				COPY_PHASE_STRIP = NO;
				CURRENT_PROJECT_VERSION = 1;
				DEFINES_MODULE = YES;
				DYLIB_COMPATIBILITY_VERSION = 1;
				DYLIB_CURRENT_VERSION = 1;
				DYLIB_INSTALL_NAME_BASE = "@rpath";
				ENABLE_STRICT_OBJC_MSGSEND = YES;
				GCC_C_LANGUAGE_STANDARD = gnu99;
				GCC_DYNAMIC_NO_PIC = NO;
				GCC_OPTIMIZATION_LEVEL = 0;
				GCC_PREPROCESSOR_DEFINITIONS = (
					"DEBUG=1",
					"$(inherited)",
				);
				GCC_SYMBOLS_PRIVATE_EXTERN = NO;
				GCC_WARN_64_TO_32_BIT_CONVERSION = YES;
				GCC_WARN_ABOUT_RETURN_TYPE = YES_ERROR;
				GCC_WARN_UNDECLARED_SELECTOR = YES;
				GCC_WARN_UNINITIALIZED_AUTOS = YES_AGGRESSIVE;
				GCC_WARN_UNUSED_FUNCTION = YES;
				GCC_WARN_UNUSED_VARIABLE = YES;
				INFOPLIST_FILE = iOSEmbeddedModelKit/Info.plist;
				INSTALL_PATH = "$(LOCAL_LIBRARY_DIR)/Frameworks";
				IPHONEOS_DEPLOYMENT_TARGET = 8.1;
				LD_RUNPATH_SEARCH_PATHS = "$(inherited) @executable_path/Frameworks @loader_path/Frameworks";
				MTL_ENABLE_DEBUG_INFO = YES;
				ONLY_ACTIVE_ARCH = YES;
				PRODUCT_NAME = "$(TARGET_NAME)";
				PROVISIONING_PROFILE = "2e52fd04-22b7-47c6-bb44-3130036b73bd";
				SDKROOT = iphoneos;
				SKIP_INSTALL = YES;
				TARGETED_DEVICE_FAMILY = "1,2";
				VERSIONING_SYSTEM = "apple-generic";
				VERSION_INFO_PREFIX = "";
			};
			name = Debug;
		};
		EC3D0B721A32E99B0097C9E2 /* Release */ = {
			isa = XCBuildConfiguration;
			buildSettings = {
				ALWAYS_SEARCH_USER_PATHS = NO;
				CLANG_CXX_LANGUAGE_STANDARD = "gnu++0x";
				CLANG_CXX_LIBRARY = "libc++";
				CLANG_ENABLE_MODULES = YES;
				CLANG_ENABLE_OBJC_ARC = YES;
				CLANG_WARN_BOOL_CONVERSION = YES;
				CLANG_WARN_CONSTANT_CONVERSION = YES;
				CLANG_WARN_DIRECT_OBJC_ISA_USAGE = YES_ERROR;
				CLANG_WARN_EMPTY_BODY = YES;
				CLANG_WARN_ENUM_CONVERSION = YES;
				CLANG_WARN_INT_CONVERSION = YES;
				CLANG_WARN_OBJC_ROOT_CLASS = YES_ERROR;
				CLANG_WARN_UNREACHABLE_CODE = YES;
				CLANG_WARN__DUPLICATE_METHOD_MATCH = YES;
				CODE_SIGN_IDENTITY = "iPhone Developer";
				"CODE_SIGN_IDENTITY[sdk=iphoneos*]" = "iPhone Developer";
				COPY_PHASE_STRIP = YES;
				CURRENT_PROJECT_VERSION = 1;
				DEFINES_MODULE = YES;
				DYLIB_COMPATIBILITY_VERSION = 1;
				DYLIB_CURRENT_VERSION = 1;
				DYLIB_INSTALL_NAME_BASE = "@rpath";
				ENABLE_NS_ASSERTIONS = NO;
				ENABLE_STRICT_OBJC_MSGSEND = YES;
				GCC_C_LANGUAGE_STANDARD = gnu99;
				GCC_WARN_64_TO_32_BIT_CONVERSION = YES;
				GCC_WARN_ABOUT_RETURN_TYPE = YES_ERROR;
				GCC_WARN_UNDECLARED_SELECTOR = YES;
				GCC_WARN_UNINITIALIZED_AUTOS = YES_AGGRESSIVE;
				GCC_WARN_UNUSED_FUNCTION = YES;
				GCC_WARN_UNUSED_VARIABLE = YES;
				INFOPLIST_FILE = iOSEmbeddedModelKit/Info.plist;
				INSTALL_PATH = "$(LOCAL_LIBRARY_DIR)/Frameworks";
				IPHONEOS_DEPLOYMENT_TARGET = 8.1;
				LD_RUNPATH_SEARCH_PATHS = "$(inherited) @executable_path/Frameworks @loader_path/Frameworks";
				MTL_ENABLE_DEBUG_INFO = NO;
				PRODUCT_NAME = "$(TARGET_NAME)";
				PROVISIONING_PROFILE = "2e52fd04-22b7-47c6-bb44-3130036b73bd";
				SDKROOT = iphoneos;
				SKIP_INSTALL = YES;
				TARGETED_DEVICE_FAMILY = "1,2";
				VALIDATE_PRODUCT = YES;
				VERSIONING_SYSTEM = "apple-generic";
				VERSION_INFO_PREFIX = "";
			};
			name = Release;
		};
		EC3D0B741A32E99B0097C9E2 /* Debug */ = {
			isa = XCBuildConfiguration;
			buildSettings = {
				ALWAYS_SEARCH_USER_PATHS = NO;
				BUNDLE_LOADER = "$(TEST_HOST)";
				CLANG_CXX_LANGUAGE_STANDARD = "gnu++0x";
				CLANG_CXX_LIBRARY = "libc++";
				CLANG_ENABLE_MODULES = YES;
				CLANG_ENABLE_OBJC_ARC = YES;
				CLANG_WARN_BOOL_CONVERSION = YES;
				CLANG_WARN_CONSTANT_CONVERSION = YES;
				CLANG_WARN_DIRECT_OBJC_ISA_USAGE = YES_ERROR;
				CLANG_WARN_EMPTY_BODY = YES;
				CLANG_WARN_ENUM_CONVERSION = YES;
				CLANG_WARN_INT_CONVERSION = YES;
				CLANG_WARN_OBJC_ROOT_CLASS = YES_ERROR;
				CLANG_WARN_UNREACHABLE_CODE = YES;
				CLANG_WARN__DUPLICATE_METHOD_MATCH = YES;
				CODE_SIGN_IDENTITY = "iPhone Developer: Yuji Imamura (FS73756HA6)";
				COPY_PHASE_STRIP = NO;
				ENABLE_STRICT_OBJC_MSGSEND = YES;
				FRAMEWORK_SEARCH_PATHS = (
					"$(SDKROOT)/Developer/Library/Frameworks",
					"$(inherited)",
				);
				GCC_C_LANGUAGE_STANDARD = gnu99;
				GCC_DYNAMIC_NO_PIC = NO;
				GCC_OPTIMIZATION_LEVEL = 0;
				GCC_PREPROCESSOR_DEFINITIONS = (
					"DEBUG=1",
					"$(inherited)",
				);
				GCC_SYMBOLS_PRIVATE_EXTERN = NO;
				GCC_WARN_64_TO_32_BIT_CONVERSION = YES;
				GCC_WARN_ABOUT_RETURN_TYPE = YES_ERROR;
				GCC_WARN_UNDECLARED_SELECTOR = YES;
				GCC_WARN_UNINITIALIZED_AUTOS = YES_AGGRESSIVE;
				GCC_WARN_UNUSED_FUNCTION = YES;
				GCC_WARN_UNUSED_VARIABLE = YES;
				INFOPLIST_FILE = iOSEmbeddedModelKitTests/Info.plist;
				IPHONEOS_DEPLOYMENT_TARGET = 8.1;
				LD_RUNPATH_SEARCH_PATHS = "$(inherited) @executable_path/Frameworks @loader_path/Frameworks";
				MTL_ENABLE_DEBUG_INFO = YES;
				ONLY_ACTIVE_ARCH = YES;
				PRODUCT_NAME = "$(TARGET_NAME)";
				PROVISIONING_PROFILE = "2e52fd04-22b7-47c6-bb44-3130036b73bd";
				SDKROOT = iphoneos;
				TEST_HOST = "$(BUILT_PRODUCTS_DIR)/iOSApp.app/iOSApp";
			};
			name = Debug;
		};
		EC3D0B751A32E99B0097C9E2 /* Release */ = {
			isa = XCBuildConfiguration;
			buildSettings = {
				ALWAYS_SEARCH_USER_PATHS = NO;
				BUNDLE_LOADER = "$(TEST_HOST)";
				CLANG_CXX_LANGUAGE_STANDARD = "gnu++0x";
				CLANG_CXX_LIBRARY = "libc++";
				CLANG_ENABLE_MODULES = YES;
				CLANG_ENABLE_OBJC_ARC = YES;
				CLANG_WARN_BOOL_CONVERSION = YES;
				CLANG_WARN_CONSTANT_CONVERSION = YES;
				CLANG_WARN_DIRECT_OBJC_ISA_USAGE = YES_ERROR;
				CLANG_WARN_EMPTY_BODY = YES;
				CLANG_WARN_ENUM_CONVERSION = YES;
				CLANG_WARN_INT_CONVERSION = YES;
				CLANG_WARN_OBJC_ROOT_CLASS = YES_ERROR;
				CLANG_WARN_UNREACHABLE_CODE = YES;
				CLANG_WARN__DUPLICATE_METHOD_MATCH = YES;
				CODE_SIGN_IDENTITY = "iPhone Developer: Yuji Imamura (FS73756HA6)";
				COPY_PHASE_STRIP = YES;
				ENABLE_NS_ASSERTIONS = NO;
				ENABLE_STRICT_OBJC_MSGSEND = YES;
				FRAMEWORK_SEARCH_PATHS = (
					"$(SDKROOT)/Developer/Library/Frameworks",
					"$(inherited)",
				);
				GCC_C_LANGUAGE_STANDARD = gnu99;
				GCC_WARN_64_TO_32_BIT_CONVERSION = YES;
				GCC_WARN_ABOUT_RETURN_TYPE = YES_ERROR;
				GCC_WARN_UNDECLARED_SELECTOR = YES;
				GCC_WARN_UNINITIALIZED_AUTOS = YES_AGGRESSIVE;
				GCC_WARN_UNUSED_FUNCTION = YES;
				GCC_WARN_UNUSED_VARIABLE = YES;
				INFOPLIST_FILE = iOSEmbeddedModelKitTests/Info.plist;
				IPHONEOS_DEPLOYMENT_TARGET = 8.1;
				LD_RUNPATH_SEARCH_PATHS = "$(inherited) @executable_path/Frameworks @loader_path/Frameworks";
				MTL_ENABLE_DEBUG_INFO = NO;
				PRODUCT_NAME = "$(TARGET_NAME)";
				PROVISIONING_PROFILE = "2e52fd04-22b7-47c6-bb44-3130036b73bd";
				SDKROOT = iphoneos;
				TEST_HOST = "$(BUILT_PRODUCTS_DIR)/iOSApp.app/iOSApp";
				VALIDATE_PRODUCT = YES;
			};
			name = Release;
		};
		EC3D0BBA1A32EAAB0097C9E2 /* Debug */ = {
			isa = XCBuildConfiguration;
			buildSettings = {
				ALWAYS_SEARCH_USER_PATHS = NO;
				CLANG_CXX_LANGUAGE_STANDARD = "gnu++0x";
				CLANG_CXX_LIBRARY = "libc++";
				CLANG_ENABLE_MODULES = YES;
				CLANG_ENABLE_OBJC_ARC = YES;
				CLANG_WARN_BOOL_CONVERSION = YES;
				CLANG_WARN_CONSTANT_CONVERSION = YES;
				CLANG_WARN_DIRECT_OBJC_ISA_USAGE = YES_ERROR;
				CLANG_WARN_EMPTY_BODY = YES;
				CLANG_WARN_ENUM_CONVERSION = YES;
				CLANG_WARN_INT_CONVERSION = YES;
				CLANG_WARN_OBJC_ROOT_CLASS = YES_ERROR;
				CLANG_WARN_UNREACHABLE_CODE = YES;
				CLANG_WARN__DUPLICATE_METHOD_MATCH = YES;
				CODE_SIGN_IDENTITY = "-";
				COMBINE_HIDPI_IMAGES = YES;
				COPY_PHASE_STRIP = NO;
				CURRENT_PROJECT_VERSION = 1;
				DEFINES_MODULE = YES;
				DYLIB_COMPATIBILITY_VERSION = 1;
				DYLIB_CURRENT_VERSION = 1;
				DYLIB_INSTALL_NAME_BASE = "@rpath";
				ENABLE_STRICT_OBJC_MSGSEND = YES;
				FRAMEWORK_VERSION = A;
				GCC_C_LANGUAGE_STANDARD = gnu99;
				GCC_DYNAMIC_NO_PIC = NO;
				GCC_OPTIMIZATION_LEVEL = 0;
				GCC_PREPROCESSOR_DEFINITIONS = (
					"DEBUG=1",
					"$(inherited)",
				);
				GCC_SYMBOLS_PRIVATE_EXTERN = NO;
				GCC_WARN_64_TO_32_BIT_CONVERSION = YES;
				GCC_WARN_ABOUT_RETURN_TYPE = YES_ERROR;
				GCC_WARN_UNDECLARED_SELECTOR = YES;
				GCC_WARN_UNINITIALIZED_AUTOS = YES_AGGRESSIVE;
				GCC_WARN_UNUSED_FUNCTION = YES;
				GCC_WARN_UNUSED_VARIABLE = YES;
				INFOPLIST_FILE = OSXEmbededdModelKit/Info.plist;
				INSTALL_PATH = "$(LOCAL_LIBRARY_DIR)/Frameworks";
				LD_RUNPATH_SEARCH_PATHS = "$(inherited) @executable_path/../Frameworks @loader_path/Frameworks";
				MACOSX_DEPLOYMENT_TARGET = 10.10;
				MTL_ENABLE_DEBUG_INFO = YES;
				ONLY_ACTIVE_ARCH = YES;
				PRODUCT_NAME = "$(TARGET_NAME)";
				SDKROOT = macosx;
				SKIP_INSTALL = YES;
				VERSIONING_SYSTEM = "apple-generic";
				VERSION_INFO_PREFIX = "";
			};
			name = Debug;
		};
		EC3D0BBB1A32EAAB0097C9E2 /* Release */ = {
			isa = XCBuildConfiguration;
			buildSettings = {
				ALWAYS_SEARCH_USER_PATHS = NO;
				CLANG_CXX_LANGUAGE_STANDARD = "gnu++0x";
				CLANG_CXX_LIBRARY = "libc++";
				CLANG_ENABLE_MODULES = YES;
				CLANG_ENABLE_OBJC_ARC = YES;
				CLANG_WARN_BOOL_CONVERSION = YES;
				CLANG_WARN_CONSTANT_CONVERSION = YES;
				CLANG_WARN_DIRECT_OBJC_ISA_USAGE = YES_ERROR;
				CLANG_WARN_EMPTY_BODY = YES;
				CLANG_WARN_ENUM_CONVERSION = YES;
				CLANG_WARN_INT_CONVERSION = YES;
				CLANG_WARN_OBJC_ROOT_CLASS = YES_ERROR;
				CLANG_WARN_UNREACHABLE_CODE = YES;
				CLANG_WARN__DUPLICATE_METHOD_MATCH = YES;
				CODE_SIGN_IDENTITY = "-";
				COMBINE_HIDPI_IMAGES = YES;
				COPY_PHASE_STRIP = YES;
				CURRENT_PROJECT_VERSION = 1;
				DEBUG_INFORMATION_FORMAT = "dwarf-with-dsym";
				DEFINES_MODULE = YES;
				DYLIB_COMPATIBILITY_VERSION = 1;
				DYLIB_CURRENT_VERSION = 1;
				DYLIB_INSTALL_NAME_BASE = "@rpath";
				ENABLE_NS_ASSERTIONS = NO;
				ENABLE_STRICT_OBJC_MSGSEND = YES;
				FRAMEWORK_VERSION = A;
				GCC_C_LANGUAGE_STANDARD = gnu99;
				GCC_WARN_64_TO_32_BIT_CONVERSION = YES;
				GCC_WARN_ABOUT_RETURN_TYPE = YES_ERROR;
				GCC_WARN_UNDECLARED_SELECTOR = YES;
				GCC_WARN_UNINITIALIZED_AUTOS = YES_AGGRESSIVE;
				GCC_WARN_UNUSED_FUNCTION = YES;
				GCC_WARN_UNUSED_VARIABLE = YES;
				INFOPLIST_FILE = OSXEmbededdModelKit/Info.plist;
				INSTALL_PATH = "$(LOCAL_LIBRARY_DIR)/Frameworks";
				LD_RUNPATH_SEARCH_PATHS = "$(inherited) @executable_path/../Frameworks @loader_path/Frameworks";
				MACOSX_DEPLOYMENT_TARGET = 10.10;
				MTL_ENABLE_DEBUG_INFO = NO;
				PRODUCT_NAME = "$(TARGET_NAME)";
				SDKROOT = macosx;
				SKIP_INSTALL = YES;
				VERSIONING_SYSTEM = "apple-generic";
				VERSION_INFO_PREFIX = "";
			};
			name = Release;
		};
		EC3D0BBE1A32EAAB0097C9E2 /* Debug */ = {
			isa = XCBuildConfiguration;
			buildSettings = {
				ALWAYS_SEARCH_USER_PATHS = NO;
				CLANG_CXX_LANGUAGE_STANDARD = "gnu++0x";
				CLANG_CXX_LIBRARY = "libc++";
				CLANG_ENABLE_MODULES = YES;
				CLANG_ENABLE_OBJC_ARC = YES;
				CLANG_WARN_BOOL_CONVERSION = YES;
				CLANG_WARN_CONSTANT_CONVERSION = YES;
				CLANG_WARN_DIRECT_OBJC_ISA_USAGE = YES_ERROR;
				CLANG_WARN_EMPTY_BODY = YES;
				CLANG_WARN_ENUM_CONVERSION = YES;
				CLANG_WARN_INT_CONVERSION = YES;
				CLANG_WARN_OBJC_ROOT_CLASS = YES_ERROR;
				CLANG_WARN_UNREACHABLE_CODE = YES;
				CLANG_WARN__DUPLICATE_METHOD_MATCH = YES;
				COMBINE_HIDPI_IMAGES = YES;
				COPY_PHASE_STRIP = NO;
				ENABLE_STRICT_OBJC_MSGSEND = YES;
				FRAMEWORK_SEARCH_PATHS = (
					"$(DEVELOPER_FRAMEWORKS_DIR)",
					"$(inherited)",
				);
				GCC_C_LANGUAGE_STANDARD = gnu99;
				GCC_DYNAMIC_NO_PIC = NO;
				GCC_OPTIMIZATION_LEVEL = 0;
				GCC_PREPROCESSOR_DEFINITIONS = (
					"DEBUG=1",
					"$(inherited)",
				);
				GCC_SYMBOLS_PRIVATE_EXTERN = NO;
				GCC_WARN_64_TO_32_BIT_CONVERSION = YES;
				GCC_WARN_ABOUT_RETURN_TYPE = YES_ERROR;
				GCC_WARN_UNDECLARED_SELECTOR = YES;
				GCC_WARN_UNINITIALIZED_AUTOS = YES_AGGRESSIVE;
				GCC_WARN_UNUSED_FUNCTION = YES;
				GCC_WARN_UNUSED_VARIABLE = YES;
				INFOPLIST_FILE = OSXEmbededdModelKitTests/Info.plist;
				LD_RUNPATH_SEARCH_PATHS = "$(inherited) @executable_path/../Frameworks @loader_path/../Frameworks";
				MACOSX_DEPLOYMENT_TARGET = 10.10;
				MTL_ENABLE_DEBUG_INFO = YES;
				ONLY_ACTIVE_ARCH = YES;
				PRODUCT_NAME = "$(TARGET_NAME)";
				SDKROOT = macosx;
				TEST_HOST = "$(BUILT_PRODUCTS_DIR)/OSXApp.app/Contents/MacOS/OSXApp";
			};
			name = Debug;
		};
		EC3D0BBF1A32EAAB0097C9E2 /* Release */ = {
			isa = XCBuildConfiguration;
			buildSettings = {
				ALWAYS_SEARCH_USER_PATHS = NO;
				CLANG_CXX_LANGUAGE_STANDARD = "gnu++0x";
				CLANG_CXX_LIBRARY = "libc++";
				CLANG_ENABLE_MODULES = YES;
				CLANG_ENABLE_OBJC_ARC = YES;
				CLANG_WARN_BOOL_CONVERSION = YES;
				CLANG_WARN_CONSTANT_CONVERSION = YES;
				CLANG_WARN_DIRECT_OBJC_ISA_USAGE = YES_ERROR;
				CLANG_WARN_EMPTY_BODY = YES;
				CLANG_WARN_ENUM_CONVERSION = YES;
				CLANG_WARN_INT_CONVERSION = YES;
				CLANG_WARN_OBJC_ROOT_CLASS = YES_ERROR;
				CLANG_WARN_UNREACHABLE_CODE = YES;
				CLANG_WARN__DUPLICATE_METHOD_MATCH = YES;
				COMBINE_HIDPI_IMAGES = YES;
				COPY_PHASE_STRIP = YES;
				DEBUG_INFORMATION_FORMAT = "dwarf-with-dsym";
				ENABLE_NS_ASSERTIONS = NO;
				ENABLE_STRICT_OBJC_MSGSEND = YES;
				FRAMEWORK_SEARCH_PATHS = (
					"$(DEVELOPER_FRAMEWORKS_DIR)",
					"$(inherited)",
				);
				GCC_C_LANGUAGE_STANDARD = gnu99;
				GCC_WARN_64_TO_32_BIT_CONVERSION = YES;
				GCC_WARN_ABOUT_RETURN_TYPE = YES_ERROR;
				GCC_WARN_UNDECLARED_SELECTOR = YES;
				GCC_WARN_UNINITIALIZED_AUTOS = YES_AGGRESSIVE;
				GCC_WARN_UNUSED_FUNCTION = YES;
				GCC_WARN_UNUSED_VARIABLE = YES;
				INFOPLIST_FILE = OSXEmbededdModelKitTests/Info.plist;
				LD_RUNPATH_SEARCH_PATHS = "$(inherited) @executable_path/../Frameworks @loader_path/../Frameworks";
				MACOSX_DEPLOYMENT_TARGET = 10.10;
				MTL_ENABLE_DEBUG_INFO = NO;
				PRODUCT_NAME = "$(TARGET_NAME)";
				SDKROOT = macosx;
				TEST_HOST = "$(BUILT_PRODUCTS_DIR)/OSXApp.app/Contents/MacOS/OSXApp";
			};
			name = Release;
		};
		ECDC654C1A2BD58B0080C608 /* Debug */ = {
			isa = XCBuildConfiguration;
			buildSettings = {
				ALWAYS_SEARCH_USER_PATHS = NO;
				ASSETCATALOG_COMPILER_APPICON_NAME = AppIcon;
				CLANG_CXX_LANGUAGE_STANDARD = "gnu++0x";
				CLANG_CXX_LIBRARY = "libc++";
				CLANG_ENABLE_MODULES = YES;
				CLANG_ENABLE_OBJC_ARC = YES;
				CLANG_WARN_BOOL_CONVERSION = YES;
				CLANG_WARN_CONSTANT_CONVERSION = YES;
				CLANG_WARN_DIRECT_OBJC_ISA_USAGE = YES_ERROR;
				CLANG_WARN_EMPTY_BODY = YES;
				CLANG_WARN_ENUM_CONVERSION = YES;
				CLANG_WARN_INT_CONVERSION = YES;
				CLANG_WARN_OBJC_ROOT_CLASS = YES_ERROR;
				CLANG_WARN_UNREACHABLE_CODE = YES;
				CLANG_WARN__DUPLICATE_METHOD_MATCH = YES;
				CODE_SIGN_ENTITLEMENTS = iOSApp/iOSApp.entitlements;
				CODE_SIGN_IDENTITY = "iPhone Developer";
				"CODE_SIGN_IDENTITY[sdk=iphoneos*]" = "iPhone Developer";
				COPY_PHASE_STRIP = NO;
				ENABLE_STRICT_OBJC_MSGSEND = YES;
				FRAMEWORK_SEARCH_PATHS = (
					"$(inherited)",
					"/Users/yujiimamura/Projects/github/macTechnicalness/Model/build/Debug-iphoneos",
					"/Users/imamura/Projects/github/macTechnicalness/Model/build/Debug-iphoneos",
				);
				GCC_C_LANGUAGE_STANDARD = gnu99;
				GCC_DYNAMIC_NO_PIC = NO;
				GCC_OPTIMIZATION_LEVEL = 0;
				GCC_PREPROCESSOR_DEFINITIONS = (
					"DEBUG=1",
					"$(inherited)",
				);
				GCC_SYMBOLS_PRIVATE_EXTERN = NO;
				GCC_WARN_64_TO_32_BIT_CONVERSION = YES;
				GCC_WARN_ABOUT_RETURN_TYPE = YES_ERROR;
				GCC_WARN_UNDECLARED_SELECTOR = YES;
				GCC_WARN_UNINITIALIZED_AUTOS = YES_AGGRESSIVE;
				GCC_WARN_UNUSED_FUNCTION = YES;
				GCC_WARN_UNUSED_VARIABLE = YES;
				INFOPLIST_FILE = iOSApp/Info.plist;
				IPHONEOS_DEPLOYMENT_TARGET = 8.1;
				LD_RUNPATH_SEARCH_PATHS = "$(inherited) @executable_path/Frameworks";
				MTL_ENABLE_DEBUG_INFO = YES;
				ONLY_ACTIVE_ARCH = YES;
				PRODUCT_NAME = "$(TARGET_NAME)";
				PROVISIONING_PROFILE = "";
				SDKROOT = iphoneos;
			};
			name = Debug;
		};
		ECDC654D1A2BD58B0080C608 /* Release */ = {
			isa = XCBuildConfiguration;
			buildSettings = {
				ALWAYS_SEARCH_USER_PATHS = NO;
				ASSETCATALOG_COMPILER_APPICON_NAME = AppIcon;
				CLANG_CXX_LANGUAGE_STANDARD = "gnu++0x";
				CLANG_CXX_LIBRARY = "libc++";
				CLANG_ENABLE_MODULES = YES;
				CLANG_ENABLE_OBJC_ARC = YES;
				CLANG_WARN_BOOL_CONVERSION = YES;
				CLANG_WARN_CONSTANT_CONVERSION = YES;
				CLANG_WARN_DIRECT_OBJC_ISA_USAGE = YES_ERROR;
				CLANG_WARN_EMPTY_BODY = YES;
				CLANG_WARN_ENUM_CONVERSION = YES;
				CLANG_WARN_INT_CONVERSION = YES;
				CLANG_WARN_OBJC_ROOT_CLASS = YES_ERROR;
				CLANG_WARN_UNREACHABLE_CODE = YES;
				CLANG_WARN__DUPLICATE_METHOD_MATCH = YES;
				CODE_SIGN_ENTITLEMENTS = iOSApp/iOSApp.entitlements;
				CODE_SIGN_IDENTITY = "iPhone Developer";
				"CODE_SIGN_IDENTITY[sdk=iphoneos*]" = "iPhone Developer";
				COPY_PHASE_STRIP = YES;
				ENABLE_NS_ASSERTIONS = NO;
				ENABLE_STRICT_OBJC_MSGSEND = YES;
				FRAMEWORK_SEARCH_PATHS = (
					"$(inherited)",
					"/Users/yujiimamura/Projects/github/macTechnicalness/Model/build/Debug-iphoneos",
					"/Users/imamura/Projects/github/macTechnicalness/Model/build/Debug-iphoneos",
				);
				GCC_C_LANGUAGE_STANDARD = gnu99;
				GCC_WARN_64_TO_32_BIT_CONVERSION = YES;
				GCC_WARN_ABOUT_RETURN_TYPE = YES_ERROR;
				GCC_WARN_UNDECLARED_SELECTOR = YES;
				GCC_WARN_UNINITIALIZED_AUTOS = YES_AGGRESSIVE;
				GCC_WARN_UNUSED_FUNCTION = YES;
				GCC_WARN_UNUSED_VARIABLE = YES;
				INFOPLIST_FILE = iOSApp/Info.plist;
				IPHONEOS_DEPLOYMENT_TARGET = 8.1;
				LD_RUNPATH_SEARCH_PATHS = "$(inherited) @executable_path/Frameworks";
				MTL_ENABLE_DEBUG_INFO = NO;
				PRODUCT_NAME = "$(TARGET_NAME)";
				PROVISIONING_PROFILE = "";
				SDKROOT = iphoneos;
				VALIDATE_PRODUCT = YES;
			};
			name = Release;
		};
		ECDC654E1A2BD58B0080C608 /* Debug */ = {
			isa = XCBuildConfiguration;
			buildSettings = {
				ALWAYS_SEARCH_USER_PATHS = NO;
				BUNDLE_LOADER = "$(TEST_HOST)";
				CLANG_CXX_LANGUAGE_STANDARD = "gnu++0x";
				CLANG_CXX_LIBRARY = "libc++";
				CLANG_ENABLE_MODULES = YES;
				CLANG_ENABLE_OBJC_ARC = YES;
				CLANG_WARN_BOOL_CONVERSION = YES;
				CLANG_WARN_CONSTANT_CONVERSION = YES;
				CLANG_WARN_DIRECT_OBJC_ISA_USAGE = YES_ERROR;
				CLANG_WARN_EMPTY_BODY = YES;
				CLANG_WARN_ENUM_CONVERSION = YES;
				CLANG_WARN_INT_CONVERSION = YES;
				CLANG_WARN_OBJC_ROOT_CLASS = YES_ERROR;
				CLANG_WARN_UNREACHABLE_CODE = YES;
				CLANG_WARN__DUPLICATE_METHOD_MATCH = YES;
				CODE_SIGN_IDENTITY = "iPhone Developer: Yuji Imamura (FS73756HA6)";
				COPY_PHASE_STRIP = NO;
				ENABLE_STRICT_OBJC_MSGSEND = YES;
				FRAMEWORK_SEARCH_PATHS = (
					"$(SDKROOT)/Developer/Library/Frameworks",
					"$(inherited)",
					"/Users/imamura/Projects/github/macTechnicalness/Model/build/Debug-iphoneos",
				);
				GCC_C_LANGUAGE_STANDARD = gnu99;
				GCC_DYNAMIC_NO_PIC = NO;
				GCC_OPTIMIZATION_LEVEL = 0;
				GCC_PREPROCESSOR_DEFINITIONS = (
					"DEBUG=1",
					"$(inherited)",
				);
				GCC_SYMBOLS_PRIVATE_EXTERN = NO;
				GCC_WARN_64_TO_32_BIT_CONVERSION = YES;
				GCC_WARN_ABOUT_RETURN_TYPE = YES_ERROR;
				GCC_WARN_UNDECLARED_SELECTOR = YES;
				GCC_WARN_UNINITIALIZED_AUTOS = YES_AGGRESSIVE;
				GCC_WARN_UNUSED_FUNCTION = YES;
				GCC_WARN_UNUSED_VARIABLE = YES;
				INFOPLIST_FILE = iOSAppTests/Info.plist;
				IPHONEOS_DEPLOYMENT_TARGET = 8.1;
				LD_RUNPATH_SEARCH_PATHS = "$(inherited) @executable_path/Frameworks @loader_path/Frameworks";
				MTL_ENABLE_DEBUG_INFO = YES;
				ONLY_ACTIVE_ARCH = YES;
				PRODUCT_NAME = "$(TARGET_NAME)";
				PROVISIONING_PROFILE = "2e52fd04-22b7-47c6-bb44-3130036b73bd";
				SDKROOT = iphoneos;
				TEST_HOST = "$(BUILT_PRODUCTS_DIR)/iOSApp.app/iOSApp";
			};
			name = Debug;
		};
		ECDC654F1A2BD58B0080C608 /* Release */ = {
			isa = XCBuildConfiguration;
			buildSettings = {
				ALWAYS_SEARCH_USER_PATHS = NO;
				BUNDLE_LOADER = "$(TEST_HOST)";
				CLANG_CXX_LANGUAGE_STANDARD = "gnu++0x";
				CLANG_CXX_LIBRARY = "libc++";
				CLANG_ENABLE_MODULES = YES;
				CLANG_ENABLE_OBJC_ARC = YES;
				CLANG_WARN_BOOL_CONVERSION = YES;
				CLANG_WARN_CONSTANT_CONVERSION = YES;
				CLANG_WARN_DIRECT_OBJC_ISA_USAGE = YES_ERROR;
				CLANG_WARN_EMPTY_BODY = YES;
				CLANG_WARN_ENUM_CONVERSION = YES;
				CLANG_WARN_INT_CONVERSION = YES;
				CLANG_WARN_OBJC_ROOT_CLASS = YES_ERROR;
				CLANG_WARN_UNREACHABLE_CODE = YES;
				CLANG_WARN__DUPLICATE_METHOD_MATCH = YES;
				CODE_SIGN_IDENTITY = "iPhone Developer: Yuji Imamura (FS73756HA6)";
				COPY_PHASE_STRIP = YES;
				ENABLE_NS_ASSERTIONS = NO;
				ENABLE_STRICT_OBJC_MSGSEND = YES;
				FRAMEWORK_SEARCH_PATHS = (
					"$(SDKROOT)/Developer/Library/Frameworks",
					"$(inherited)",
					"/Users/imamura/Projects/github/macTechnicalness/Model/build/Debug-iphoneos",
				);
				GCC_C_LANGUAGE_STANDARD = gnu99;
				GCC_WARN_64_TO_32_BIT_CONVERSION = YES;
				GCC_WARN_ABOUT_RETURN_TYPE = YES_ERROR;
				GCC_WARN_UNDECLARED_SELECTOR = YES;
				GCC_WARN_UNINITIALIZED_AUTOS = YES_AGGRESSIVE;
				GCC_WARN_UNUSED_FUNCTION = YES;
				GCC_WARN_UNUSED_VARIABLE = YES;
				INFOPLIST_FILE = iOSAppTests/Info.plist;
				IPHONEOS_DEPLOYMENT_TARGET = 8.1;
				LD_RUNPATH_SEARCH_PATHS = "$(inherited) @executable_path/Frameworks @loader_path/Frameworks";
				MTL_ENABLE_DEBUG_INFO = NO;
				PRODUCT_NAME = "$(TARGET_NAME)";
				PROVISIONING_PROFILE = "2e52fd04-22b7-47c6-bb44-3130036b73bd";
				SDKROOT = iphoneos;
				TEST_HOST = "$(BUILT_PRODUCTS_DIR)/iOSApp.app/iOSApp";
				VALIDATE_PRODUCT = YES;
			};
			name = Release;
		};
		ECDC65731A2BD5AC0080C608 /* Debug */ = {
			isa = XCBuildConfiguration;
			buildSettings = {
				ALWAYS_SEARCH_USER_PATHS = NO;
				ASSETCATALOG_COMPILER_APPICON_NAME = AppIcon;
				CLANG_CXX_LANGUAGE_STANDARD = "gnu++0x";
				CLANG_CXX_LIBRARY = "libc++";
				CLANG_ENABLE_MODULES = YES;
				CLANG_ENABLE_OBJC_ARC = YES;
				CLANG_WARN_BOOL_CONVERSION = YES;
				CLANG_WARN_CONSTANT_CONVERSION = YES;
				CLANG_WARN_DIRECT_OBJC_ISA_USAGE = YES_ERROR;
				CLANG_WARN_EMPTY_BODY = YES;
				CLANG_WARN_ENUM_CONVERSION = YES;
				CLANG_WARN_INT_CONVERSION = YES;
				CLANG_WARN_OBJC_ROOT_CLASS = YES_ERROR;
				CLANG_WARN_UNREACHABLE_CODE = YES;
				CLANG_WARN__DUPLICATE_METHOD_MATCH = YES;
				CODE_SIGN_IDENTITY = "-";
				COMBINE_HIDPI_IMAGES = YES;
				COPY_PHASE_STRIP = NO;
				ENABLE_STRICT_OBJC_MSGSEND = YES;
				GCC_C_LANGUAGE_STANDARD = gnu99;
				GCC_DYNAMIC_NO_PIC = NO;
				GCC_OPTIMIZATION_LEVEL = 0;
				GCC_PREPROCESSOR_DEFINITIONS = (
					"DEBUG=1",
					"$(inherited)",
				);
				GCC_SYMBOLS_PRIVATE_EXTERN = NO;
				GCC_WARN_64_TO_32_BIT_CONVERSION = YES;
				GCC_WARN_ABOUT_RETURN_TYPE = YES_ERROR;
				GCC_WARN_UNDECLARED_SELECTOR = YES;
				GCC_WARN_UNINITIALIZED_AUTOS = YES_AGGRESSIVE;
				GCC_WARN_UNUSED_FUNCTION = YES;
				GCC_WARN_UNUSED_VARIABLE = YES;
				INFOPLIST_FILE = OSXApp/Info.plist;
				LD_RUNPATH_SEARCH_PATHS = "$(inherited) @executable_path/../Frameworks";
				MACOSX_DEPLOYMENT_TARGET = 10.10;
				MTL_ENABLE_DEBUG_INFO = YES;
				ONLY_ACTIVE_ARCH = YES;
				PRODUCT_NAME = "$(TARGET_NAME)";
				SDKROOT = macosx;
			};
			name = Debug;
		};
		ECDC65741A2BD5AC0080C608 /* Release */ = {
			isa = XCBuildConfiguration;
			buildSettings = {
				ALWAYS_SEARCH_USER_PATHS = NO;
				ASSETCATALOG_COMPILER_APPICON_NAME = AppIcon;
				CLANG_CXX_LANGUAGE_STANDARD = "gnu++0x";
				CLANG_CXX_LIBRARY = "libc++";
				CLANG_ENABLE_MODULES = YES;
				CLANG_ENABLE_OBJC_ARC = YES;
				CLANG_WARN_BOOL_CONVERSION = YES;
				CLANG_WARN_CONSTANT_CONVERSION = YES;
				CLANG_WARN_DIRECT_OBJC_ISA_USAGE = YES_ERROR;
				CLANG_WARN_EMPTY_BODY = YES;
				CLANG_WARN_ENUM_CONVERSION = YES;
				CLANG_WARN_INT_CONVERSION = YES;
				CLANG_WARN_OBJC_ROOT_CLASS = YES_ERROR;
				CLANG_WARN_UNREACHABLE_CODE = YES;
				CLANG_WARN__DUPLICATE_METHOD_MATCH = YES;
				CODE_SIGN_IDENTITY = "-";
				COMBINE_HIDPI_IMAGES = YES;
				COPY_PHASE_STRIP = YES;
				DEBUG_INFORMATION_FORMAT = "dwarf-with-dsym";
				ENABLE_NS_ASSERTIONS = NO;
				ENABLE_STRICT_OBJC_MSGSEND = YES;
				GCC_C_LANGUAGE_STANDARD = gnu99;
				GCC_WARN_64_TO_32_BIT_CONVERSION = YES;
				GCC_WARN_ABOUT_RETURN_TYPE = YES_ERROR;
				GCC_WARN_UNDECLARED_SELECTOR = YES;
				GCC_WARN_UNINITIALIZED_AUTOS = YES_AGGRESSIVE;
				GCC_WARN_UNUSED_FUNCTION = YES;
				GCC_WARN_UNUSED_VARIABLE = YES;
				INFOPLIST_FILE = OSXApp/Info.plist;
				LD_RUNPATH_SEARCH_PATHS = "$(inherited) @executable_path/../Frameworks";
				MACOSX_DEPLOYMENT_TARGET = 10.10;
				MTL_ENABLE_DEBUG_INFO = NO;
				PRODUCT_NAME = "$(TARGET_NAME)";
				SDKROOT = macosx;
			};
			name = Release;
		};
		ECDC65751A2BD5AC0080C608 /* Debug */ = {
			isa = XCBuildConfiguration;
			buildSettings = {
				ALWAYS_SEARCH_USER_PATHS = NO;
				BUNDLE_LOADER = "$(TEST_HOST)";
				CLANG_CXX_LANGUAGE_STANDARD = "gnu++0x";
				CLANG_CXX_LIBRARY = "libc++";
				CLANG_ENABLE_MODULES = YES;
				CLANG_ENABLE_OBJC_ARC = YES;
				CLANG_WARN_BOOL_CONVERSION = YES;
				CLANG_WARN_CONSTANT_CONVERSION = YES;
				CLANG_WARN_DIRECT_OBJC_ISA_USAGE = YES_ERROR;
				CLANG_WARN_EMPTY_BODY = YES;
				CLANG_WARN_ENUM_CONVERSION = YES;
				CLANG_WARN_INT_CONVERSION = YES;
				CLANG_WARN_OBJC_ROOT_CLASS = YES_ERROR;
				CLANG_WARN_UNREACHABLE_CODE = YES;
				CLANG_WARN__DUPLICATE_METHOD_MATCH = YES;
				COMBINE_HIDPI_IMAGES = YES;
				COPY_PHASE_STRIP = NO;
				ENABLE_STRICT_OBJC_MSGSEND = YES;
				FRAMEWORK_SEARCH_PATHS = (
					"$(DEVELOPER_FRAMEWORKS_DIR)",
					"$(inherited)",
				);
				GCC_C_LANGUAGE_STANDARD = gnu99;
				GCC_DYNAMIC_NO_PIC = NO;
				GCC_OPTIMIZATION_LEVEL = 0;
				GCC_PREPROCESSOR_DEFINITIONS = (
					"DEBUG=1",
					"$(inherited)",
				);
				GCC_SYMBOLS_PRIVATE_EXTERN = NO;
				GCC_WARN_64_TO_32_BIT_CONVERSION = YES;
				GCC_WARN_ABOUT_RETURN_TYPE = YES_ERROR;
				GCC_WARN_UNDECLARED_SELECTOR = YES;
				GCC_WARN_UNINITIALIZED_AUTOS = YES_AGGRESSIVE;
				GCC_WARN_UNUSED_FUNCTION = YES;
				GCC_WARN_UNUSED_VARIABLE = YES;
				INFOPLIST_FILE = OSXAppTests/Info.plist;
				LD_RUNPATH_SEARCH_PATHS = "$(inherited) @executable_path/../Frameworks @loader_path/../Frameworks";
				MACOSX_DEPLOYMENT_TARGET = 10.10;
				MTL_ENABLE_DEBUG_INFO = YES;
				ONLY_ACTIVE_ARCH = YES;
				PRODUCT_NAME = "$(TARGET_NAME)";
				SDKROOT = macosx;
				TEST_HOST = "$(BUILT_PRODUCTS_DIR)/OSXApp.app/Contents/MacOS/OSXApp";
			};
			name = Debug;
		};
		ECDC65761A2BD5AC0080C608 /* Release */ = {
			isa = XCBuildConfiguration;
			buildSettings = {
				ALWAYS_SEARCH_USER_PATHS = NO;
				BUNDLE_LOADER = "$(TEST_HOST)";
				CLANG_CXX_LANGUAGE_STANDARD = "gnu++0x";
				CLANG_CXX_LIBRARY = "libc++";
				CLANG_ENABLE_MODULES = YES;
				CLANG_ENABLE_OBJC_ARC = YES;
				CLANG_WARN_BOOL_CONVERSION = YES;
				CLANG_WARN_CONSTANT_CONVERSION = YES;
				CLANG_WARN_DIRECT_OBJC_ISA_USAGE = YES_ERROR;
				CLANG_WARN_EMPTY_BODY = YES;
				CLANG_WARN_ENUM_CONVERSION = YES;
				CLANG_WARN_INT_CONVERSION = YES;
				CLANG_WARN_OBJC_ROOT_CLASS = YES_ERROR;
				CLANG_WARN_UNREACHABLE_CODE = YES;
				CLANG_WARN__DUPLICATE_METHOD_MATCH = YES;
				COMBINE_HIDPI_IMAGES = YES;
				COPY_PHASE_STRIP = YES;
				DEBUG_INFORMATION_FORMAT = "dwarf-with-dsym";
				ENABLE_NS_ASSERTIONS = NO;
				ENABLE_STRICT_OBJC_MSGSEND = YES;
				FRAMEWORK_SEARCH_PATHS = (
					"$(DEVELOPER_FRAMEWORKS_DIR)",
					"$(inherited)",
				);
				GCC_C_LANGUAGE_STANDARD = gnu99;
				GCC_WARN_64_TO_32_BIT_CONVERSION = YES;
				GCC_WARN_ABOUT_RETURN_TYPE = YES_ERROR;
				GCC_WARN_UNDECLARED_SELECTOR = YES;
				GCC_WARN_UNINITIALIZED_AUTOS = YES_AGGRESSIVE;
				GCC_WARN_UNUSED_FUNCTION = YES;
				GCC_WARN_UNUSED_VARIABLE = YES;
				INFOPLIST_FILE = OSXAppTests/Info.plist;
				LD_RUNPATH_SEARCH_PATHS = "$(inherited) @executable_path/../Frameworks @loader_path/../Frameworks";
				MACOSX_DEPLOYMENT_TARGET = 10.10;
				MTL_ENABLE_DEBUG_INFO = NO;
				PRODUCT_NAME = "$(TARGET_NAME)";
				SDKROOT = macosx;
				TEST_HOST = "$(BUILT_PRODUCTS_DIR)/OSXApp.app/Contents/MacOS/OSXApp";
			};
			name = Release;
		};
/* End XCBuildConfiguration section */

/* Begin XCConfigurationList section */
		EC03CCBF1A2BD234009C741E /* Build configuration list for PBXProject "macTechnicalness" */ = {
			isa = XCConfigurationList;
			buildConfigurations = (
				EC03CCC01A2BD234009C741E /* Debug */,
				EC03CCC11A2BD234009C741E /* Release */,
			);
			defaultConfigurationIsVisible = 0;
			defaultConfigurationName = Release;
		};
		EC3D0B701A32E99B0097C9E2 /* Build configuration list for PBXNativeTarget "iOSEmbeddedModelKit" */ = {
			isa = XCConfigurationList;
			buildConfigurations = (
				EC3D0B711A32E99B0097C9E2 /* Debug */,
				EC3D0B721A32E99B0097C9E2 /* Release */,
			);
			defaultConfigurationIsVisible = 0;
			defaultConfigurationName = Release;
		};
		EC3D0B731A32E99B0097C9E2 /* Build configuration list for PBXNativeTarget "iOSEmbeddedModelKitTests" */ = {
			isa = XCConfigurationList;
			buildConfigurations = (
				EC3D0B741A32E99B0097C9E2 /* Debug */,
				EC3D0B751A32E99B0097C9E2 /* Release */,
			);
			defaultConfigurationIsVisible = 0;
			defaultConfigurationName = Release;
		};
		EC3D0BB91A32EAAB0097C9E2 /* Build configuration list for PBXNativeTarget "OSXEmbededdModelKit" */ = {
			isa = XCConfigurationList;
			buildConfigurations = (
				EC3D0BBA1A32EAAB0097C9E2 /* Debug */,
				EC3D0BBB1A32EAAB0097C9E2 /* Release */,
			);
			defaultConfigurationIsVisible = 0;
			defaultConfigurationName = Release;
		};
		EC3D0BBD1A32EAAB0097C9E2 /* Build configuration list for PBXNativeTarget "OSXEmbededdModelKitTests" */ = {
			isa = XCConfigurationList;
			buildConfigurations = (
				EC3D0BBE1A32EAAB0097C9E2 /* Debug */,
				EC3D0BBF1A32EAAB0097C9E2 /* Release */,
			);
			defaultConfigurationIsVisible = 0;
			defaultConfigurationName = Release;
		};
		ECDC65501A2BD58B0080C608 /* Build configuration list for PBXNativeTarget "iOSApp" */ = {
			isa = XCConfigurationList;
			buildConfigurations = (
				ECDC654C1A2BD58B0080C608 /* Debug */,
				ECDC654D1A2BD58B0080C608 /* Release */,
			);
			defaultConfigurationIsVisible = 0;
			defaultConfigurationName = Release;
		};
		ECDC65511A2BD58B0080C608 /* Build configuration list for PBXNativeTarget "iOSAppTests" */ = {
			isa = XCConfigurationList;
			buildConfigurations = (
				ECDC654E1A2BD58B0080C608 /* Debug */,
				ECDC654F1A2BD58B0080C608 /* Release */,
			);
			defaultConfigurationIsVisible = 0;
			defaultConfigurationName = Release;
		};
		ECDC65771A2BD5AC0080C608 /* Build configuration list for PBXNativeTarget "OSXApp" */ = {
			isa = XCConfigurationList;
			buildConfigurations = (
				ECDC65731A2BD5AC0080C608 /* Debug */,
				ECDC65741A2BD5AC0080C608 /* Release */,
			);
			defaultConfigurationIsVisible = 0;
			defaultConfigurationName = Release;
		};
		ECDC65781A2BD5AC0080C608 /* Build configuration list for PBXNativeTarget "OSXAppTests" */ = {
			isa = XCConfigurationList;
			buildConfigurations = (
				ECDC65751A2BD5AC0080C608 /* Debug */,
				ECDC65761A2BD5AC0080C608 /* Release */,
			);
			defaultConfigurationIsVisible = 0;
			defaultConfigurationName = Release;
		};
/* End XCConfigurationList section */
	};
	rootObject = EC03CCBC1A2BD234009C741E /* Project object */;
}
